// !$*UTF8*$!
{
	archiveVersion = 1;
	classes = {
	};
	objectVersion = 50;
	objects = {

/* Begin PBXBuildFile section */
		21027CA82731015C0021831B /* LocalShareControlVerticalBarViewController.xib in Resources */ = {isa = PBXBuildFile; fileRef = 21027CA62731015C0021831B /* LocalShareControlVerticalBarViewController.xib */; };
		21094123266083B20040AC73 /* MagicDrawingBoardWindowController.xib in Resources */ = {isa = PBXBuildFile; fileRef = 21094120266083B10040AC73 /* MagicDrawingBoardWindowController.xib */; };
		21094124266083B20040AC73 /* MagicDrawingBoardManager.swift in Sources */ = {isa = PBXBuildFile; fileRef = 21094121266083B10040AC73 /* MagicDrawingBoardManager.swift */; };
		21094125266083B20040AC73 /* MagicDrawingBoardWindowController.swift in Sources */ = {isa = PBXBuildFile; fileRef = 21094122266083B20040AC73 /* MagicDrawingBoardWindowController.swift */; };
		210C5E7F26CC9EE900F69BFF /* Bundle+Extensions.swift in Sources */ = {isa = PBXBuildFile; fileRef = 210C5E7E26CC9EE900F69BFF /* Bundle+Extensions.swift */; };
		210C5E8126CC9F8800F69BFF /* URL+Extensions.swift in Sources */ = {isa = PBXBuildFile; fileRef = 210C5E8026CC9F8800F69BFF /* URL+Extensions.swift */; };
		210C5E8E26CCAF9E00F69BFF /* RootLogger.cpp in Sources */ = {isa = PBXBuildFile; fileRef = 210C5E8D26CCAF9E00F69BFF /* RootLogger.cpp */; };
		211527A627324E84005C83C5 /* LocalShareControlButtonsViewController.swift in Sources */ = {isa = PBXBuildFile; fileRef = 211527A427324E84005C83C5 /* LocalShareControlButtonsViewController.swift */; };
		211527A727324E84005C83C5 /* LocalShareControlButtonsHorizontalViewController.xib in Resources */ = {isa = PBXBuildFile; fileRef = 211527A527324E84005C83C5 /* LocalShareControlButtonsHorizontalViewController.xib */; };
		211527A92732508C005C83C5 /* LocalShareControlButtonsVerticalViewController.xib in Resources */ = {isa = PBXBuildFile; fileRef = 211527A82732508C005C83C5 /* LocalShareControlButtonsVerticalViewController.xib */; };
		211527B127325F83005C83C5 /* momentum-ui-icons-rebrand.ttf in Resources */ = {isa = PBXBuildFile; fileRef = 211527AD27325F49005C83C5 /* momentum-ui-icons-rebrand.ttf */; };
		211C788A2680742E003D9EB4 /* FontelloButton.swift in Sources */ = {isa = PBXBuildFile; fileRef = 211C78892680742E003D9EB4 /* FontelloButton.swift */; };
		211C789026817D71003D9EB4 /* NSScreen+Extensions.m in Sources */ = {isa = PBXBuildFile; fileRef = 211C788E26817D70003D9EB4 /* NSScreen+Extensions.m */; };
		211C78922681840C003D9EB4 /* TestDrawingBoard.swift in Sources */ = {isa = PBXBuildFile; fileRef = 211C78912681840C003D9EB4 /* TestDrawingBoard.swift */; };
		211C78992681AB03003D9EB4 /* LogsWindowController.swift in Sources */ = {isa = PBXBuildFile; fileRef = 211C78972681AB03003D9EB4 /* LogsWindowController.swift */; };
		211C789A2681AB03003D9EB4 /* LogsWindowController.xib in Resources */ = {isa = PBXBuildFile; fileRef = 211C78982681AB03003D9EB4 /* LogsWindowController.xib */; };
		211C789F2681E1B4003D9EB4 /* FontelloLabelWithText.swift in Sources */ = {isa = PBXBuildFile; fileRef = 211C789E2681E1B4003D9EB4 /* FontelloLabelWithText.swift */; };
		211DF005271EA42100CD4BBA /* FullScreenDetector.swift in Sources */ = {isa = PBXBuildFile; fileRef = 211DF003271EA42100CD4BBA /* FullScreenDetector.swift */; };
		211DF006271EA42100CD4BBA /* FullScreenDetector.xib in Resources */ = {isa = PBXBuildFile; fileRef = 211DF004271EA42100CD4BBA /* FullScreenDetector.xib */; };
		213E13A32637AAEA00DFECFF /* MouseTrackView.swift in Sources */ = {isa = PBXBuildFile; fileRef = 213E13A22637AAEA00DFECFF /* MouseTrackView.swift */; };
		215F52DF2705659800F4ADD0 /* ScreenChangeHelper.swift in Sources */ = {isa = PBXBuildFile; fileRef = 215F52DE2705659800F4ADD0 /* ScreenChangeHelper.swift */; };
		215F52E12705699A00F4ADD0 /* Subject.swift in Sources */ = {isa = PBXBuildFile; fileRef = 215F52E02705699A00F4ADD0 /* Subject.swift */; };
		215F52E72705870600F4ADD0 /* TestScreenChangeHelper.swift in Sources */ = {isa = PBXBuildFile; fileRef = 215F52E62705870600F4ADD0 /* TestScreenChangeHelper.swift */; };
		215F52EC270588FA00F4ADD0 /* NSScreenAdapter.swift in Sources */ = {isa = PBXBuildFile; fileRef = 215F52EB270588FA00F4ADD0 /* NSScreenAdapter.swift */; };
		215F8ADA25B098EA000F4D45 /* AppDelegate.swift in Sources */ = {isa = PBXBuildFile; fileRef = 215F8AD925B098EA000F4D45 /* AppDelegate.swift */; };
		215F8ADE25B098EC000F4D45 /* Assets.xcassets in Resources */ = {isa = PBXBuildFile; fileRef = 215F8ADD25B098EC000F4D45 /* Assets.xcassets */; };
		215F8AE125B098EC000F4D45 /* Main.storyboard in Resources */ = {isa = PBXBuildFile; fileRef = 215F8ADF25B098EC000F4D45 /* Main.storyboard */; };
		2176CDF1268AC3CD00FAA4E0 /* CollectionViewWindowController.swift in Sources */ = {isa = PBXBuildFile; fileRef = 2176CDEF268AC3CD00FAA4E0 /* CollectionViewWindowController.swift */; };
		2176CDF2268AC3CD00FAA4E0 /* CollectionViewWindowController.xib in Resources */ = {isa = PBXBuildFile; fileRef = 2176CDF0268AC3CD00FAA4E0 /* CollectionViewWindowController.xib */; };
		217BD3692649356500B58ED2 /* RoundSameSideCornerView.swift in Sources */ = {isa = PBXBuildFile; fileRef = 217BD3682649356400B58ED2 /* RoundSameSideCornerView.swift */; };
		2184EBBF272BA02F00A38EC0 /* ThemesJson.swift in Sources */ = {isa = PBXBuildFile; fileRef = 2184EBBB272BA02F00A38EC0 /* ThemesJson.swift */; };
		2184EBC1272BA05000A38EC0 /* ColorsJson.swift in Sources */ = {isa = PBXBuildFile; fileRef = 2184EBC0272BA05000A38EC0 /* ColorsJson.swift */; };
		2184EBCC272BBE5C00A38EC0 /* colors.json in Resources */ = {isa = PBXBuildFile; fileRef = 2184EBCB272BBE5C00A38EC0 /* colors.json */; };
		2184EBDA272BBEA000A38EC0 /* jadeDark.json in Resources */ = {isa = PBXBuildFile; fileRef = 2184EBCE272BBEA000A38EC0 /* jadeDark.json */; };
		2184EBDB272BBEA000A38EC0 /* gradient.json in Resources */ = {isa = PBXBuildFile; fileRef = 2184EBCF272BBEA000A38EC0 /* gradient.json */; };
		2184EBDC272BBEA000A38EC0 /* bronzeDark.json in Resources */ = {isa = PBXBuildFile; fileRef = 2184EBD0272BBEA000A38EC0 /* bronzeDark.json */; };
		2184EBDD272BBEA000A38EC0 /* emeraldDark.json in Resources */ = {isa = PBXBuildFile; fileRef = 2184EBD1272BBEA000A38EC0 /* emeraldDark.json */; };
		2184EBDE272BBEA000A38EC0 /* default.json in Resources */ = {isa = PBXBuildFile; fileRef = 2184EBD2272BBEA000A38EC0 /* default.json */; };
		2184EBDF272BBEA000A38EC0 /* lavenderDark.json in Resources */ = {isa = PBXBuildFile; fileRef = 2184EBD3272BBEA000A38EC0 /* lavenderDark.json */; };
		2184EBE0272BBEA000A38EC0 /* emeraldLight.json in Resources */ = {isa = PBXBuildFile; fileRef = 2184EBD4272BBEA000A38EC0 /* emeraldLight.json */; };
		2184EBE1272BBEA000A38EC0 /* bronzeLight.json in Resources */ = {isa = PBXBuildFile; fileRef = 2184EBD5272BBEA000A38EC0 /* bronzeLight.json */; };
		2184EBE2272BBEA000A38EC0 /* lavenderLight.json in Resources */ = {isa = PBXBuildFile; fileRef = 2184EBD6272BBEA000A38EC0 /* lavenderLight.json */; };
		2184EBE3272BBEA000A38EC0 /* jadeLight.json in Resources */ = {isa = PBXBuildFile; fileRef = 2184EBD7272BBEA000A38EC0 /* jadeLight.json */; };
		2184EBE4272BBEA000A38EC0 /* dark.json in Resources */ = {isa = PBXBuildFile; fileRef = 2184EBD8272BBEA000A38EC0 /* dark.json */; };
		2184EBE5272BBEA000A38EC0 /* systemHighContrast.json in Resources */ = {isa = PBXBuildFile; fileRef = 2184EBD9272BBEA000A38EC0 /* systemHighContrast.json */; };
		2184EBF4272BBEBF00A38EC0 /* momentumRoseDark.json in Resources */ = {isa = PBXBuildFile; fileRef = 2184EBE7272BBEBE00A38EC0 /* momentumRoseDark.json */; };
		2184EBF5272BBEBF00A38EC0 /* momentumIndigoDark.json in Resources */ = {isa = PBXBuildFile; fileRef = 2184EBE8272BBEBE00A38EC0 /* momentumIndigoDark.json */; };
		2184EBF6272BBEBF00A38EC0 /* momentumJadeLight.json in Resources */ = {isa = PBXBuildFile; fileRef = 2184EBE9272BBEBE00A38EC0 /* momentumJadeLight.json */; };
		2184EBF7272BBEBF00A38EC0 /* momentumLavenderDark.json in Resources */ = {isa = PBXBuildFile; fileRef = 2184EBEA272BBEBE00A38EC0 /* momentumLavenderDark.json */; };
		2184EBF8272BBEBF00A38EC0 /* momentumLavenderLight.json in Resources */ = {isa = PBXBuildFile; fileRef = 2184EBEB272BBEBE00A38EC0 /* momentumLavenderLight.json */; };
		2184EBF9272BBEBF00A38EC0 /* momentumDefault.json in Resources */ = {isa = PBXBuildFile; fileRef = 2184EBEC272BBEBF00A38EC0 /* momentumDefault.json */; };
		2184EBFA272BBEBF00A38EC0 /* momentumJadeDark.json in Resources */ = {isa = PBXBuildFile; fileRef = 2184EBED272BBEBF00A38EC0 /* momentumJadeDark.json */; };
		2184EBFB272BBEBF00A38EC0 /* momentumSystemHighContrast.json in Resources */ = {isa = PBXBuildFile; fileRef = 2184EBEE272BBEBF00A38EC0 /* momentumSystemHighContrast.json */; };
		2184EBFC272BBEBF00A38EC0 /* momentumRoseLight.json in Resources */ = {isa = PBXBuildFile; fileRef = 2184EBEF272BBEBF00A38EC0 /* momentumRoseLight.json */; };
		2184EBFD272BBEBF00A38EC0 /* momentumBronzeLight.json in Resources */ = {isa = PBXBuildFile; fileRef = 2184EBF0272BBEBF00A38EC0 /* momentumBronzeLight.json */; };
		2184EBFE272BBEBF00A38EC0 /* momentumBronzeDark.json in Resources */ = {isa = PBXBuildFile; fileRef = 2184EBF1272BBEBF00A38EC0 /* momentumBronzeDark.json */; };
		2184EBFF272BBEBF00A38EC0 /* momentumDark.json in Resources */ = {isa = PBXBuildFile; fileRef = 2184EBF2272BBEBF00A38EC0 /* momentumDark.json */; };
		2184EC00272BBEBF00A38EC0 /* momentumIndigoLight.json in Resources */ = {isa = PBXBuildFile; fileRef = 2184EBF3272BBEBF00A38EC0 /* momentumIndigoLight.json */; };
		2184EC1F272BCE3E00A38EC0 /* LegacyMomentumIconType.swift in Sources */ = {isa = PBXBuildFile; fileRef = 2184EC1E272BCE3E00A38EC0 /* LegacyMomentumIconType.swift */; };
		2184EC21272BEB7600A38EC0 /* Geometry.swift in Sources */ = {isa = PBXBuildFile; fileRef = 2184EC20272BEB7600A38EC0 /* Geometry.swift */; };
		219634CC26560CEA00BFA3F4 /* SparkButton.swift in Sources */ = {isa = PBXBuildFile; fileRef = 219634CB26560CEA00BFA3F4 /* SparkButton.swift */; };
		219634D2265611CB00BFA3F4 /* momentum-ui-icons.ttf in Resources */ = {isa = PBXBuildFile; fileRef = 219634D1265611CB00BFA3F4 /* momentum-ui-icons.ttf */; };
		219634D3265611E900BFA3F4 /* momentum-ui-icons.ttf in CopyFiles */ = {isa = PBXBuildFile; fileRef = 219634D1265611CB00BFA3F4 /* momentum-ui-icons.ttf */; };
		21A38411264E179E00F12D78 /* DDHotKeyUtilities.m in Sources */ = {isa = PBXBuildFile; fileRef = 21A3840C264E179E00F12D78 /* DDHotKeyUtilities.m */; };
		21A38412264E179E00F12D78 /* DDHotKeyTextField.m in Sources */ = {isa = PBXBuildFile; fileRef = 21A3840D264E179E00F12D78 /* DDHotKeyTextField.m */; };
		21A38413264E179E00F12D78 /* DDHotKeyCenter.m in Sources */ = {isa = PBXBuildFile; fileRef = 21A3840E264E179E00F12D78 /* DDHotKeyCenter.m */; };
		21A38414264E179E00F12D78 /* GlobalShortcutHander.m in Sources */ = {isa = PBXBuildFile; fileRef = 21A3840F264E179E00F12D78 /* GlobalShortcutHander.m */; };
		21ABE9942696F8330063C07A /* MyWindowController.swift in Sources */ = {isa = PBXBuildFile; fileRef = 21ABE9922696F8330063C07A /* MyWindowController.swift */; };
		21ABE9952696F8330063C07A /* MyWindowController.xib in Resources */ = {isa = PBXBuildFile; fileRef = 21ABE9932696F8330063C07A /* MyWindowController.xib */; };
		21ABE9972696F8C90063C07A /* TestWindow.swift in Sources */ = {isa = PBXBuildFile; fileRef = 21ABE9962696F8C90063C07A /* TestWindow.swift */; };
		21ABE999269730B70063C07A /* MainViewController.swift in Sources */ = {isa = PBXBuildFile; fileRef = 21ABE998269730B70063C07A /* MainViewController.swift */; };
		21ABE99D26973B040063C07A /* TestListViewController.swift in Sources */ = {isa = PBXBuildFile; fileRef = 21ABE99B26973B040063C07A /* TestListViewController.swift */; };
		21ABE99E26973B040063C07A /* TestListViewController.xib in Resources */ = {isa = PBXBuildFile; fileRef = 21ABE99C26973B040063C07A /* TestListViewController.xib */; };
		21AD5146269A2D60006DF32F /* MainWindowController.swift in Sources */ = {isa = PBXBuildFile; fileRef = 21AD5145269A2D60006DF32F /* MainWindowController.swift */; };
		21AD5149269B3E32006DF32F /* AppContext.swift in Sources */ = {isa = PBXBuildFile; fileRef = 21AD5148269B3E32006DF32F /* AppContext.swift */; };
		21AD514C269B3FC8006DF32F /* CommonTestWindowController.swift in Sources */ = {isa = PBXBuildFile; fileRef = 21AD514A269B3FC8006DF32F /* CommonTestWindowController.swift */; };
		21AD514D269B3FC8006DF32F /* CommonTestWindowController.xib in Resources */ = {isa = PBXBuildFile; fileRef = 21AD514B269B3FC8006DF32F /* CommonTestWindowController.xib */; };
		21AD514F269B3FFE006DF32F /* TestCoreAnimation.swift in Sources */ = {isa = PBXBuildFile; fileRef = 21AD514E269B3FFE006DF32F /* TestCoreAnimation.swift */; };
		21AD5151269B4215006DF32F /* LayerDelegate.swift in Sources */ = {isa = PBXBuildFile; fileRef = 21AD5150269B4215006DF32F /* LayerDelegate.swift */; };
		21AD5156269C8F37006DF32F /* NSView+Extensions.swift in Sources */ = {isa = PBXBuildFile; fileRef = 21AD5155269C8F37006DF32F /* NSView+Extensions.swift */; };
		21AD515A269C8FCD006DF32F /* ObjCExceptionCatcher.m in Sources */ = {isa = PBXBuildFile; fileRef = 21AD5158269C8FCD006DF32F /* ObjCExceptionCatcher.m */; };
		21B479D826A0F1DB003A91FB /* BonjourClient.swift in Sources */ = {isa = PBXBuildFile; fileRef = 21B479D626A0F1DB003A91FB /* BonjourClient.swift */; };
		21B479DB26A0F582003A91FB /* TestBonjour.swift in Sources */ = {isa = PBXBuildFile; fileRef = 21B479DA26A0F582003A91FB /* TestBonjour.swift */; };
		21CCC08C273A565D00FD4D04 /* ClickableTextField.swift in Sources */ = {isa = PBXBuildFile; fileRef = 21CCC088273A565D00FD4D04 /* ClickableTextField.swift */; };
		21CCC08E273A569F00FD4D04 /* PopoverView.swift in Sources */ = {isa = PBXBuildFile; fileRef = 21CCC08D273A569F00FD4D04 /* PopoverView.swift */; };
		21CCC090273A56E700FD4D04 /* NSPopover+Extensions.swift in Sources */ = {isa = PBXBuildFile; fileRef = 21CCC08F273A56E700FD4D04 /* NSPopover+Extensions.swift */; };
		21D54B49272696BA009CDBC1 /* Timer+Extensions.swift in Sources */ = {isa = PBXBuildFile; fileRef = 21D54B48272696BA009CDBC1 /* Timer+Extensions.swift */; };
		21D54B4B27269723009CDBC1 /* QuartzWindowServicesAdapter.swift in Sources */ = {isa = PBXBuildFile; fileRef = 21D54B4A27269723009CDBC1 /* QuartzWindowServicesAdapter.swift */; };
		21D54B4F272697B3009CDBC1 /* WillBeSet.swift in Sources */ = {isa = PBXBuildFile; fileRef = 21D54B4E272697B3009CDBC1 /* WillBeSet.swift */; };
		21F106BC272A4B2700E40AD9 /* LocalShareControlBarWindowController.xib in Resources */ = {isa = PBXBuildFile; fileRef = 21F106B7272A4B2700E40AD9 /* LocalShareControlBarWindowController.xib */; };
		21F106BD272A4B2700E40AD9 /* LocalShareControlHorizontalBarViewController.xib in Resources */ = {isa = PBXBuildFile; fileRef = 21F106B8272A4B2700E40AD9 /* LocalShareControlHorizontalBarViewController.xib */; };
		21F106BE272A4B2700E40AD9 /* LocalShareControlBarViewController.swift in Sources */ = {isa = PBXBuildFile; fileRef = 21F106B9272A4B2700E40AD9 /* LocalShareControlBarViewController.swift */; };
		21F106BF272A4B2700E40AD9 /* LocalShareControlBarWindowController.swift in Sources */ = {isa = PBXBuildFile; fileRef = 21F106BA272A4B2700E40AD9 /* LocalShareControlBarWindowController.swift */; };
		21F106C0272A4B2700E40AD9 /* LocalShareControlBarManager.swift in Sources */ = {isa = PBXBuildFile; fileRef = 21F106BB272A4B2700E40AD9 /* LocalShareControlBarManager.swift */; };
		21F106DC272A522A00E40AD9 /* ShareManagerComponent.swift in Sources */ = {isa = PBXBuildFile; fileRef = 21F106D5272A522700E40AD9 /* ShareManagerComponent.swift */; };
		21F106DE272A522A00E40AD9 /* ShareManager.swift in Sources */ = {isa = PBXBuildFile; fileRef = 21F106D7272A522800E40AD9 /* ShareManager.swift */; };
		21F106DF272A522A00E40AD9 /* ShareContext.swift in Sources */ = {isa = PBXBuildFile; fileRef = 21F106D8272A522800E40AD9 /* ShareContext.swift */; };
		21F106E0272A522A00E40AD9 /* ShareFactory.swift in Sources */ = {isa = PBXBuildFile; fileRef = 21F106D9272A522900E40AD9 /* ShareFactory.swift */; };
		21F106FE272A52CB00E40AD9 /* CommonHead.framework in Frameworks */ = {isa = PBXBuildFile; fileRef = 21F106FD272A52AF00E40AD9 /* CommonHead.framework */; };
		21F106FF272A52CB00E40AD9 /* CommonHead.framework in Embed Frameworks */ = {isa = PBXBuildFile; fileRef = 21F106FD272A52AF00E40AD9 /* CommonHead.framework */; settings = {ATTRIBUTES = (CodeSignOnCopy, RemoveHeadersOnCopy, ); }; };
		21F1075B272A7A0900E40AD9 /* BaseWindowController.swift in Sources */ = {isa = PBXBuildFile; fileRef = 21F1075A272A7A0900E40AD9 /* BaseWindowController.swift */; };
		21F10769272A81BD00E40AD9 /* ShareSource.swift in Sources */ = {isa = PBXBuildFile; fileRef = 21F10768272A81BD00E40AD9 /* ShareSource.swift */; };
		21F1077E272A83E900E40AD9 /* MobileDeviceAdapter.mm in Sources */ = {isa = PBXBuildFile; fileRef = 21F1077D272A83E900E40AD9 /* MobileDeviceAdapter.mm */; };
		21F10783272A841300E40AD9 /* share-ios-tap-on-phone-dark.png in Resources */ = {isa = PBXBuildFile; fileRef = 21F1077F272A841200E40AD9 /* share-ios-tap-on-phone-dark.png */; };
		21F10784272A841300E40AD9 /* share-ios-computer-phone-light.png in Resources */ = {isa = PBXBuildFile; fileRef = 21F10780272A841200E40AD9 /* share-ios-computer-phone-light.png */; };
		21F10785272A841300E40AD9 /* share-ios-tap-on-phone-light.png in Resources */ = {isa = PBXBuildFile; fileRef = 21F10781272A841200E40AD9 /* share-ios-tap-on-phone-light.png */; };
		21F10786272A841300E40AD9 /* share-ios-computer-phone-dark.png in Resources */ = {isa = PBXBuildFile; fileRef = 21F10782272A841300E40AD9 /* share-ios-computer-phone-dark.png */; };
		21F1078D272A842B00E40AD9 /* ShareIosScreenCaptureManager.swift in Sources */ = {isa = PBXBuildFile; fileRef = 21F10787272A842B00E40AD9 /* ShareIosScreenCaptureManager.swift */; };
		21F1078E272A842B00E40AD9 /* ShareIosScreenPromptWindowController.swift in Sources */ = {isa = PBXBuildFile; fileRef = 21F10788272A842B00E40AD9 /* ShareIosScreenPromptWindowController.swift */; };
		21F1078F272A842B00E40AD9 /* ShareIosScreenManager.swift in Sources */ = {isa = PBXBuildFile; fileRef = 21F10789272A842B00E40AD9 /* ShareIosScreenManager.swift */; };
		21F10790272A842B00E40AD9 /* ShareIosScreenPromptWindowController.xib in Resources */ = {isa = PBXBuildFile; fileRef = 21F1078A272A842B00E40AD9 /* ShareIosScreenPromptWindowController.xib */; };
		21F10791272A842B00E40AD9 /* ShareIosScreenWindowController.xib in Resources */ = {isa = PBXBuildFile; fileRef = 21F1078B272A842B00E40AD9 /* ShareIosScreenWindowController.xib */; };
		21F10792272A842B00E40AD9 /* ShareIosScreenWindowController.swift in Sources */ = {isa = PBXBuildFile; fileRef = 21F1078C272A842B00E40AD9 /* ShareIosScreenWindowController.swift */; };
		21F10794272A848E00E40AD9 /* BaseViewController.swift in Sources */ = {isa = PBXBuildFile; fileRef = 21F10793272A848E00E40AD9 /* BaseViewController.swift */; };
		21F10797272A854300E40AD9 /* LocalizationStrings.swift in Sources */ = {isa = PBXBuildFile; fileRef = 21F10796272A854300E40AD9 /* LocalizationStrings.swift */; };
		21F1079A272A889200E40AD9 /* CallControllerManager.swift in Sources */ = {isa = PBXBuildFile; fileRef = 21F10799272A889200E40AD9 /* CallControllerManager.swift */; };
		21F1079C272A8A7100E40AD9 /* NSAppearance+Extensions.swift in Sources */ = {isa = PBXBuildFile; fileRef = 21F1079B272A8A7100E40AD9 /* NSAppearance+Extensions.swift */; };
		21F1079E272A8BAC00E40AD9 /* ThemeManager.swift in Sources */ = {isa = PBXBuildFile; fileRef = 21F1079D272A8BAC00E40AD9 /* ThemeManager.swift */; };
		21F107A0272A8C8E00E40AD9 /* NSColor+Extensions.swift in Sources */ = {isa = PBXBuildFile; fileRef = 21F1079F272A8C8E00E40AD9 /* NSColor+Extensions.swift */; };
		21F107A2272A8D7F00E40AD9 /* NSRect+Extensions.swift in Sources */ = {isa = PBXBuildFile; fileRef = 21F107A1272A8D7F00E40AD9 /* NSRect+Extensions.swift */; };
		21F107A4272A8E4100E40AD9 /* CommonHeadFrameworkAdapter.swift in Sources */ = {isa = PBXBuildFile; fileRef = 21F107A3272A8E4100E40AD9 /* CommonHeadFrameworkAdapter.swift */; };
		21F107A7272A8EF800E40AD9 /* NotificationEventNames.m in Sources */ = {isa = PBXBuildFile; fileRef = 21F107A6272A8EF800E40AD9 /* NotificationEventNames.m */; };
		21F107AB272A902000E40AD9 /* SharePreparingWindowController.swift in Sources */ = {isa = PBXBuildFile; fileRef = 21F107A9272A902000E40AD9 /* SharePreparingWindowController.swift */; };
		21F107AC272A902000E40AD9 /* SharePreparingWindowController.xib in Resources */ = {isa = PBXBuildFile; fileRef = 21F107AA272A902000E40AD9 /* SharePreparingWindowController.xib */; };
		21F107B0272A905600E40AD9 /* ShareResumeWindowController.swift in Sources */ = {isa = PBXBuildFile; fileRef = 21F107AE272A905600E40AD9 /* ShareResumeWindowController.swift */; };
		21F107B1272A905600E40AD9 /* ShareResumeWindowController.xib in Resources */ = {isa = PBXBuildFile; fileRef = 21F107AF272A905600E40AD9 /* ShareResumeWindowController.xib */; };
		21F107B3272A919B00E40AD9 /* String+Extensions.swift in Sources */ = {isa = PBXBuildFile; fileRef = 21F107B2272A919B00E40AD9 /* String+Extensions.swift */; };
		21F107B5272A922C00E40AD9 /* LoadingImageView.swift in Sources */ = {isa = PBXBuildFile; fileRef = 21F107B4272A922C00E40AD9 /* LoadingImageView.swift */; };
		21F107B7272A927600E40AD9 /* SemanticThemeManager.swift in Sources */ = {isa = PBXBuildFile; fileRef = 21F107B6272A927600E40AD9 /* SemanticThemeManager.swift */; };
		21F107BA272A934900E40AD9 /* CSIRotatingImageView.swift in Sources */ = {isa = PBXBuildFile; fileRef = 21F107B9272A934900E40AD9 /* CSIRotatingImageView.swift */; };
		21F107BC272A943000E40AD9 /* SparkTextField.swift in Sources */ = {isa = PBXBuildFile; fileRef = 21F107BB272A943000E40AD9 /* SparkTextField.swift */; };
		21F107C0272A95CC00E40AD9 /* GlobalShortcutHandlerHelper.swift in Sources */ = {isa = PBXBuildFile; fileRef = 21F107BF272A95CC00E40AD9 /* GlobalShortcutHandlerHelper.swift */; };
		21F107C5272A988D00E40AD9 /* SemanticInputTextField.swift in Sources */ = {isa = PBXBuildFile; fileRef = 21F107BD272A945700E40AD9 /* SemanticInputTextField.swift */; };
		21F107C7272A9A6D00E40AD9 /* ProcessInfo+Extensions.swift in Sources */ = {isa = PBXBuildFile; fileRef = 21F107C6272A9A6D00E40AD9 /* ProcessInfo+Extensions.swift */; };
		21F107CC272A9C5B00E40AD9 /* CoreFramework.swift in Sources */ = {isa = PBXBuildFile; fileRef = 21F107CB272A9C5B00E40AD9 /* CoreFramework.swift */; };
		21F107CE272A9E5400E40AD9 /* CALayer+Extensions.swift in Sources */ = {isa = PBXBuildFile; fileRef = 21F107CD272A9E5400E40AD9 /* CALayer+Extensions.swift */; };
		21F107E1272AA0BA00E40AD9 /* UIToolkit.framework in Frameworks */ = {isa = PBXBuildFile; fileRef = 21F107DE272AA0B100E40AD9 /* UIToolkit.framework */; };
		21F107E2272AA0BA00E40AD9 /* UIToolkit.framework in Embed Frameworks */ = {isa = PBXBuildFile; fileRef = 21F107DE272AA0B100E40AD9 /* UIToolkit.framework */; settings = {ATTRIBUTES = (CodeSignOnCopy, RemoveHeadersOnCopy, ); }; };
		21FBAF9426D3D5DB00717FDC /* TestShare.swift in Sources */ = {isa = PBXBuildFile; fileRef = 21FBAF9326D3D5DB00717FDC /* TestShare.swift */; };
		21FBB2D826D766D400717FDC /* NSImage+Extensions.swift in Sources */ = {isa = PBXBuildFile; fileRef = 21FBB2D726D766D400717FDC /* NSImage+Extensions.swift */; };
		21FBB2DA26D7682800717FDC /* NSScreen+Extensions.swift in Sources */ = {isa = PBXBuildFile; fileRef = 21FBB2D926D7682800717FDC /* NSScreen+Extensions.swift */; };
		21FBB2DC26D76BF500717FDC /* Process+Extensions.swift in Sources */ = {isa = PBXBuildFile; fileRef = 21FBB2DB26D76BF500717FDC /* Process+Extensions.swift */; };
		21FBB2E426D76E0900717FDC /* ShareSourceVM.swift in Sources */ = {isa = PBXBuildFile; fileRef = 21FBB2E326D76E0900717FDC /* ShareSourceVM.swift */; };
/* End PBXBuildFile section */

/* Begin PBXContainerItemProxy section */
		21F106FC272A52AF00E40AD9 /* PBXContainerItemProxy */ = {
			isa = PBXContainerItemProxy;
			containerPortal = 21F106F8272A52AF00E40AD9 /* CommonHead.xcodeproj */;
			proxyType = 2;
			remoteGlobalIDString = 21F106ED272A52AF00E40AD9;
			remoteInfo = CommonHead;
		};
		21F107DD272AA0B100E40AD9 /* PBXContainerItemProxy */ = {
			isa = PBXContainerItemProxy;
			containerPortal = 21F107D8272AA0B100E40AD9 /* UIToolkit.xcodeproj */;
			proxyType = 2;
			remoteGlobalIDString = 07756FB626951E88000A63C5;
			remoteInfo = UIToolkit;
		};
		21F107DF272AA0B100E40AD9 /* PBXContainerItemProxy */ = {
			isa = PBXContainerItemProxy;
			containerPortal = 21F107D8272AA0B100E40AD9 /* UIToolkit.xcodeproj */;
			proxyType = 2;
			remoteGlobalIDString = 077573E12695EC79000A63C5;
			remoteInfo = UIToolkitTests;
		};
/* End PBXContainerItemProxy section */

/* Begin PBXCopyFilesBuildPhase section */
		219634CD2656106B00BFA3F4 /* CopyFiles */ = {
			isa = PBXCopyFilesBuildPhase;
			buildActionMask = 2147483647;
			dstPath = font;
			dstSubfolderSpec = 7;
			files = (
				219634D3265611E900BFA3F4 /* momentum-ui-icons.ttf in CopyFiles */,
			);
			runOnlyForDeploymentPostprocessing = 0;
		};
		21F106D1272A510400E40AD9 /* Embed Frameworks */ = {
			isa = PBXCopyFilesBuildPhase;
			buildActionMask = 2147483647;
			dstPath = "";
			dstSubfolderSpec = 10;
			files = (
				21F106FF272A52CB00E40AD9 /* CommonHead.framework in Embed Frameworks */,
				21F107E2272AA0BA00E40AD9 /* UIToolkit.framework in Embed Frameworks */,
			);
			name = "Embed Frameworks";
			runOnlyForDeploymentPostprocessing = 0;
		};
/* End PBXCopyFilesBuildPhase section */

/* Begin PBXFileReference section */
		21027CA62731015C0021831B /* LocalShareControlVerticalBarViewController.xib */ = {isa = PBXFileReference; lastKnownFileType = file.xib; path = LocalShareControlVerticalBarViewController.xib; sourceTree = "<group>"; };
		21094120266083B10040AC73 /* MagicDrawingBoardWindowController.xib */ = {isa = PBXFileReference; fileEncoding = 4; lastKnownFileType = file.xib; path = MagicDrawingBoardWindowController.xib; sourceTree = "<group>"; };
		21094121266083B10040AC73 /* MagicDrawingBoardManager.swift */ = {isa = PBXFileReference; fileEncoding = 4; lastKnownFileType = sourcecode.swift; path = MagicDrawingBoardManager.swift; sourceTree = "<group>"; };
		21094122266083B20040AC73 /* MagicDrawingBoardWindowController.swift */ = {isa = PBXFileReference; fileEncoding = 4; lastKnownFileType = sourcecode.swift; path = MagicDrawingBoardWindowController.swift; sourceTree = "<group>"; };
		210C5E7E26CC9EE900F69BFF /* Bundle+Extensions.swift */ = {isa = PBXFileReference; lastKnownFileType = sourcecode.swift; path = "Bundle+Extensions.swift"; sourceTree = "<group>"; };
		210C5E8026CC9F8800F69BFF /* URL+Extensions.swift */ = {isa = PBXFileReference; lastKnownFileType = sourcecode.swift; path = "URL+Extensions.swift"; sourceTree = "<group>"; };
		210C5E8926CCA7C200F69BFF /* SparkLogger.h */ = {isa = PBXFileReference; lastKnownFileType = sourcecode.c.h; path = SparkLogger.h; sourceTree = "<group>"; };
		210C5E8B26CCAEB200F69BFF /* RootLogger.h */ = {isa = PBXFileReference; lastKnownFileType = sourcecode.c.h; path = RootLogger.h; sourceTree = "<group>"; };
		210C5E8C26CCAEF500F69BFF /* ObfuscatedString.h */ = {isa = PBXFileReference; lastKnownFileType = sourcecode.c.h; path = ObfuscatedString.h; sourceTree = "<group>"; };
		210C5E8D26CCAF9E00F69BFF /* RootLogger.cpp */ = {isa = PBXFileReference; fileEncoding = 4; lastKnownFileType = sourcecode.cpp.cpp; path = RootLogger.cpp; sourceTree = "<group>"; };
		211527A427324E84005C83C5 /* LocalShareControlButtonsViewController.swift */ = {isa = PBXFileReference; lastKnownFileType = sourcecode.swift; path = LocalShareControlButtonsViewController.swift; sourceTree = "<group>"; };
		211527A527324E84005C83C5 /* LocalShareControlButtonsHorizontalViewController.xib */ = {isa = PBXFileReference; lastKnownFileType = file.xib; path = LocalShareControlButtonsHorizontalViewController.xib; sourceTree = "<group>"; };
		211527A82732508C005C83C5 /* LocalShareControlButtonsVerticalViewController.xib */ = {isa = PBXFileReference; lastKnownFileType = file.xib; path = LocalShareControlButtonsVerticalViewController.xib; sourceTree = "<group>"; };
		211527AD27325F49005C83C5 /* momentum-ui-icons-rebrand.ttf */ = {isa = PBXFileReference; lastKnownFileType = file; path = "momentum-ui-icons-rebrand.ttf"; sourceTree = "<group>"; };
		211C78892680742E003D9EB4 /* FontelloButton.swift */ = {isa = PBXFileReference; fileEncoding = 4; lastKnownFileType = sourcecode.swift; path = FontelloButton.swift; sourceTree = "<group>"; };
		211C788E26817D70003D9EB4 /* NSScreen+Extensions.m */ = {isa = PBXFileReference; fileEncoding = 4; lastKnownFileType = sourcecode.c.objc; path = "NSScreen+Extensions.m"; sourceTree = "<group>"; };
		211C788F26817D70003D9EB4 /* NSScreen+Extensions.h */ = {isa = PBXFileReference; fileEncoding = 4; lastKnownFileType = sourcecode.c.h; path = "NSScreen+Extensions.h"; sourceTree = "<group>"; };
		211C78912681840C003D9EB4 /* TestDrawingBoard.swift */ = {isa = PBXFileReference; lastKnownFileType = sourcecode.swift; path = TestDrawingBoard.swift; sourceTree = "<group>"; };
		211C78972681AB03003D9EB4 /* LogsWindowController.swift */ = {isa = PBXFileReference; lastKnownFileType = sourcecode.swift; path = LogsWindowController.swift; sourceTree = "<group>"; };
		211C78982681AB03003D9EB4 /* LogsWindowController.xib */ = {isa = PBXFileReference; lastKnownFileType = file.xib; path = LogsWindowController.xib; sourceTree = "<group>"; };
		211C789E2681E1B4003D9EB4 /* FontelloLabelWithText.swift */ = {isa = PBXFileReference; fileEncoding = 4; lastKnownFileType = sourcecode.swift; path = FontelloLabelWithText.swift; sourceTree = "<group>"; };
		211DF003271EA42100CD4BBA /* FullScreenDetector.swift */ = {isa = PBXFileReference; lastKnownFileType = sourcecode.swift; path = FullScreenDetector.swift; sourceTree = "<group>"; };
		211DF004271EA42100CD4BBA /* FullScreenDetector.xib */ = {isa = PBXFileReference; lastKnownFileType = file.xib; path = FullScreenDetector.xib; sourceTree = "<group>"; };
		2132C21A264E29E60032C2FB /* Mac-Toolkit-Bridging-Header.h */ = {isa = PBXFileReference; lastKnownFileType = sourcecode.c.h; path = "Mac-Toolkit-Bridging-Header.h"; sourceTree = "<group>"; };
		213E13A22637AAEA00DFECFF /* MouseTrackView.swift */ = {isa = PBXFileReference; lastKnownFileType = sourcecode.swift; path = MouseTrackView.swift; sourceTree = "<group>"; };
		215F52DE2705659800F4ADD0 /* ScreenChangeHelper.swift */ = {isa = PBXFileReference; fileEncoding = 4; lastKnownFileType = sourcecode.swift; path = ScreenChangeHelper.swift; sourceTree = "<group>"; };
		215F52E02705699A00F4ADD0 /* Subject.swift */ = {isa = PBXFileReference; lastKnownFileType = sourcecode.swift; path = Subject.swift; sourceTree = "<group>"; };
		215F52E62705870600F4ADD0 /* TestScreenChangeHelper.swift */ = {isa = PBXFileReference; lastKnownFileType = sourcecode.swift; path = TestScreenChangeHelper.swift; sourceTree = "<group>"; };
		215F52EB270588FA00F4ADD0 /* NSScreenAdapter.swift */ = {isa = PBXFileReference; lastKnownFileType = sourcecode.swift; path = NSScreenAdapter.swift; sourceTree = "<group>"; };
		215F8AD625B098EA000F4D45 /* Mac-ToolKit.app */ = {isa = PBXFileReference; explicitFileType = wrapper.application; includeInIndex = 0; path = "Mac-ToolKit.app"; sourceTree = BUILT_PRODUCTS_DIR; };
		215F8AD925B098EA000F4D45 /* AppDelegate.swift */ = {isa = PBXFileReference; lastKnownFileType = sourcecode.swift; path = AppDelegate.swift; sourceTree = "<group>"; };
		215F8ADD25B098EC000F4D45 /* Assets.xcassets */ = {isa = PBXFileReference; lastKnownFileType = folder.assetcatalog; path = Assets.xcassets; sourceTree = "<group>"; };
		215F8AE025B098EC000F4D45 /* Base */ = {isa = PBXFileReference; lastKnownFileType = file.storyboard; name = Base; path = Base.lproj/Main.storyboard; sourceTree = "<group>"; };
		215F8AE225B098EC000F4D45 /* Info.plist */ = {isa = PBXFileReference; lastKnownFileType = text.plist.xml; path = Info.plist; sourceTree = "<group>"; };
		215F8AE325B098EC000F4D45 /* Mac-Toolkit.entitlements */ = {isa = PBXFileReference; lastKnownFileType = text.plist.entitlements; path = "Mac-Toolkit.entitlements"; sourceTree = "<group>"; };
		2176CDEF268AC3CD00FAA4E0 /* CollectionViewWindowController.swift */ = {isa = PBXFileReference; lastKnownFileType = sourcecode.swift; path = CollectionViewWindowController.swift; sourceTree = "<group>"; };
		2176CDF0268AC3CD00FAA4E0 /* CollectionViewWindowController.xib */ = {isa = PBXFileReference; lastKnownFileType = file.xib; path = CollectionViewWindowController.xib; sourceTree = "<group>"; };
		217BD3682649356400B58ED2 /* RoundSameSideCornerView.swift */ = {isa = PBXFileReference; fileEncoding = 4; lastKnownFileType = sourcecode.swift; path = RoundSameSideCornerView.swift; sourceTree = "<group>"; };
		2184EBBB272BA02F00A38EC0 /* ThemesJson.swift */ = {isa = PBXFileReference; fileEncoding = 4; lastKnownFileType = sourcecode.swift; name = ThemesJson.swift; path = UIToolkit/ThemesJson.swift; sourceTree = SOURCE_ROOT; };
		2184EBC0272BA05000A38EC0 /* ColorsJson.swift */ = {isa = PBXFileReference; fileEncoding = 4; lastKnownFileType = sourcecode.swift; name = ColorsJson.swift; path = UIToolkit/ColorsJson.swift; sourceTree = SOURCE_ROOT; };
		2184EBCB272BBE5C00A38EC0 /* colors.json */ = {isa = PBXFileReference; fileEncoding = 4; lastKnownFileType = text.json; name = colors.json; path = "Spark/common-head/visuals/config/colors.json"; sourceTree = SOURCE_ROOT; };
		2184EBCE272BBEA000A38EC0 /* jadeDark.json */ = {isa = PBXFileReference; fileEncoding = 4; lastKnownFileType = text.json; name = jadeDark.json; path = "Spark/common-head/visuals/config/themes/jadeDark.json"; sourceTree = SOURCE_ROOT; };
		2184EBCF272BBEA000A38EC0 /* gradient.json */ = {isa = PBXFileReference; fileEncoding = 4; lastKnownFileType = text.json; name = gradient.json; path = "Spark/common-head/visuals/config/themes/gradient.json"; sourceTree = SOURCE_ROOT; };
		2184EBD0272BBEA000A38EC0 /* bronzeDark.json */ = {isa = PBXFileReference; fileEncoding = 4; lastKnownFileType = text.json; name = bronzeDark.json; path = "Spark/common-head/visuals/config/themes/bronzeDark.json"; sourceTree = SOURCE_ROOT; };
		2184EBD1272BBEA000A38EC0 /* emeraldDark.json */ = {isa = PBXFileReference; fileEncoding = 4; lastKnownFileType = text.json; name = emeraldDark.json; path = "Spark/common-head/visuals/config/themes/emeraldDark.json"; sourceTree = SOURCE_ROOT; };
		2184EBD2272BBEA000A38EC0 /* default.json */ = {isa = PBXFileReference; fileEncoding = 4; lastKnownFileType = text.json; name = default.json; path = "Spark/common-head/visuals/config/themes/default.json"; sourceTree = SOURCE_ROOT; };
		2184EBD3272BBEA000A38EC0 /* lavenderDark.json */ = {isa = PBXFileReference; fileEncoding = 4; lastKnownFileType = text.json; name = lavenderDark.json; path = "Spark/common-head/visuals/config/themes/lavenderDark.json"; sourceTree = SOURCE_ROOT; };
		2184EBD4272BBEA000A38EC0 /* emeraldLight.json */ = {isa = PBXFileReference; fileEncoding = 4; lastKnownFileType = text.json; name = emeraldLight.json; path = "Spark/common-head/visuals/config/themes/emeraldLight.json"; sourceTree = SOURCE_ROOT; };
		2184EBD5272BBEA000A38EC0 /* bronzeLight.json */ = {isa = PBXFileReference; fileEncoding = 4; lastKnownFileType = text.json; name = bronzeLight.json; path = "Spark/common-head/visuals/config/themes/bronzeLight.json"; sourceTree = SOURCE_ROOT; };
		2184EBD6272BBEA000A38EC0 /* lavenderLight.json */ = {isa = PBXFileReference; fileEncoding = 4; lastKnownFileType = text.json; name = lavenderLight.json; path = "Spark/common-head/visuals/config/themes/lavenderLight.json"; sourceTree = SOURCE_ROOT; };
		2184EBD7272BBEA000A38EC0 /* jadeLight.json */ = {isa = PBXFileReference; fileEncoding = 4; lastKnownFileType = text.json; name = jadeLight.json; path = "Spark/common-head/visuals/config/themes/jadeLight.json"; sourceTree = SOURCE_ROOT; };
		2184EBD8272BBEA000A38EC0 /* dark.json */ = {isa = PBXFileReference; fileEncoding = 4; lastKnownFileType = text.json; name = dark.json; path = "Spark/common-head/visuals/config/themes/dark.json"; sourceTree = SOURCE_ROOT; };
		2184EBD9272BBEA000A38EC0 /* systemHighContrast.json */ = {isa = PBXFileReference; fileEncoding = 4; lastKnownFileType = text.json; name = systemHighContrast.json; path = "Spark/common-head/visuals/config/themes/systemHighContrast.json"; sourceTree = SOURCE_ROOT; };
		2184EBE7272BBEBE00A38EC0 /* momentumRoseDark.json */ = {isa = PBXFileReference; fileEncoding = 4; lastKnownFileType = text.json; name = momentumRoseDark.json; path = "Spark/common-head/visuals/config/themes/momentum/momentumRoseDark.json"; sourceTree = SOURCE_ROOT; };
		2184EBE8272BBEBE00A38EC0 /* momentumIndigoDark.json */ = {isa = PBXFileReference; fileEncoding = 4; lastKnownFileType = text.json; name = momentumIndigoDark.json; path = "Spark/common-head/visuals/config/themes/momentum/momentumIndigoDark.json"; sourceTree = SOURCE_ROOT; };
		2184EBE9272BBEBE00A38EC0 /* momentumJadeLight.json */ = {isa = PBXFileReference; fileEncoding = 4; lastKnownFileType = text.json; name = momentumJadeLight.json; path = "Spark/common-head/visuals/config/themes/momentum/momentumJadeLight.json"; sourceTree = SOURCE_ROOT; };
		2184EBEA272BBEBE00A38EC0 /* momentumLavenderDark.json */ = {isa = PBXFileReference; fileEncoding = 4; lastKnownFileType = text.json; name = momentumLavenderDark.json; path = "Spark/common-head/visuals/config/themes/momentum/momentumLavenderDark.json"; sourceTree = SOURCE_ROOT; };
		2184EBEB272BBEBE00A38EC0 /* momentumLavenderLight.json */ = {isa = PBXFileReference; fileEncoding = 4; lastKnownFileType = text.json; name = momentumLavenderLight.json; path = "Spark/common-head/visuals/config/themes/momentum/momentumLavenderLight.json"; sourceTree = SOURCE_ROOT; };
		2184EBEC272BBEBF00A38EC0 /* momentumDefault.json */ = {isa = PBXFileReference; fileEncoding = 4; lastKnownFileType = text.json; name = momentumDefault.json; path = "Spark/common-head/visuals/config/themes/momentum/momentumDefault.json"; sourceTree = SOURCE_ROOT; };
		2184EBED272BBEBF00A38EC0 /* momentumJadeDark.json */ = {isa = PBXFileReference; fileEncoding = 4; lastKnownFileType = text.json; name = momentumJadeDark.json; path = "Spark/common-head/visuals/config/themes/momentum/momentumJadeDark.json"; sourceTree = SOURCE_ROOT; };
		2184EBEE272BBEBF00A38EC0 /* momentumSystemHighContrast.json */ = {isa = PBXFileReference; fileEncoding = 4; lastKnownFileType = text.json; name = momentumSystemHighContrast.json; path = "Spark/common-head/visuals/config/themes/momentum/momentumSystemHighContrast.json"; sourceTree = SOURCE_ROOT; };
		2184EBEF272BBEBF00A38EC0 /* momentumRoseLight.json */ = {isa = PBXFileReference; fileEncoding = 4; lastKnownFileType = text.json; name = momentumRoseLight.json; path = "Spark/common-head/visuals/config/themes/momentum/momentumRoseLight.json"; sourceTree = SOURCE_ROOT; };
		2184EBF0272BBEBF00A38EC0 /* momentumBronzeLight.json */ = {isa = PBXFileReference; fileEncoding = 4; lastKnownFileType = text.json; name = momentumBronzeLight.json; path = "Spark/common-head/visuals/config/themes/momentum/momentumBronzeLight.json"; sourceTree = SOURCE_ROOT; };
		2184EBF1272BBEBF00A38EC0 /* momentumBronzeDark.json */ = {isa = PBXFileReference; fileEncoding = 4; lastKnownFileType = text.json; name = momentumBronzeDark.json; path = "Spark/common-head/visuals/config/themes/momentum/momentumBronzeDark.json"; sourceTree = SOURCE_ROOT; };
		2184EBF2272BBEBF00A38EC0 /* momentumDark.json */ = {isa = PBXFileReference; fileEncoding = 4; lastKnownFileType = text.json; name = momentumDark.json; path = "Spark/common-head/visuals/config/themes/momentum/momentumDark.json"; sourceTree = SOURCE_ROOT; };
		2184EBF3272BBEBF00A38EC0 /* momentumIndigoLight.json */ = {isa = PBXFileReference; fileEncoding = 4; lastKnownFileType = text.json; name = momentumIndigoLight.json; path = "Spark/common-head/visuals/config/themes/momentum/momentumIndigoLight.json"; sourceTree = SOURCE_ROOT; };
		2184EC1E272BCE3E00A38EC0 /* LegacyMomentumIconType.swift */ = {isa = PBXFileReference; fileEncoding = 4; lastKnownFileType = sourcecode.swift; name = LegacyMomentumIconType.swift; path = ../../../spark/SparkMacDesktop/SparkMacDesktop/LegacyMomentumIconType.swift; sourceTree = "<group>"; };
		2184EC20272BEB7600A38EC0 /* Geometry.swift */ = {isa = PBXFileReference; lastKnownFileType = sourcecode.swift; path = Geometry.swift; sourceTree = "<group>"; };
		219634CB26560CEA00BFA3F4 /* SparkButton.swift */ = {isa = PBXFileReference; fileEncoding = 4; lastKnownFileType = sourcecode.swift; path = SparkButton.swift; sourceTree = "<group>"; };
		219634D1265611CB00BFA3F4 /* momentum-ui-icons.ttf */ = {isa = PBXFileReference; lastKnownFileType = file; path = "momentum-ui-icons.ttf"; sourceTree = "<group>"; };
		21A38409264E179E00F12D78 /* DDHotKeyCenter.h */ = {isa = PBXFileReference; fileEncoding = 4; lastKnownFileType = sourcecode.c.h; path = DDHotKeyCenter.h; sourceTree = "<group>"; };
		21A3840A264E179E00F12D78 /* DDHotKeyTextField.h */ = {isa = PBXFileReference; fileEncoding = 4; lastKnownFileType = sourcecode.c.h; path = DDHotKeyTextField.h; sourceTree = "<group>"; };
		21A3840B264E179E00F12D78 /* GlobalShortcutHander.h */ = {isa = PBXFileReference; fileEncoding = 4; lastKnownFileType = sourcecode.c.h; path = GlobalShortcutHander.h; sourceTree = "<group>"; };
		21A3840C264E179E00F12D78 /* DDHotKeyUtilities.m */ = {isa = PBXFileReference; fileEncoding = 4; lastKnownFileType = sourcecode.c.objc; path = DDHotKeyUtilities.m; sourceTree = "<group>"; };
		21A3840D264E179E00F12D78 /* DDHotKeyTextField.m */ = {isa = PBXFileReference; fileEncoding = 4; lastKnownFileType = sourcecode.c.objc; path = DDHotKeyTextField.m; sourceTree = "<group>"; };
		21A3840E264E179E00F12D78 /* DDHotKeyCenter.m */ = {isa = PBXFileReference; fileEncoding = 4; lastKnownFileType = sourcecode.c.objc; path = DDHotKeyCenter.m; sourceTree = "<group>"; };
		21A3840F264E179E00F12D78 /* GlobalShortcutHander.m */ = {isa = PBXFileReference; fileEncoding = 4; lastKnownFileType = sourcecode.c.objc; path = GlobalShortcutHander.m; sourceTree = "<group>"; };
		21A38410264E179E00F12D78 /* DDHotKeyUtilities.h */ = {isa = PBXFileReference; fileEncoding = 4; lastKnownFileType = sourcecode.c.h; path = DDHotKeyUtilities.h; sourceTree = "<group>"; };
		21ABE9922696F8330063C07A /* MyWindowController.swift */ = {isa = PBXFileReference; lastKnownFileType = sourcecode.swift; path = MyWindowController.swift; sourceTree = "<group>"; };
		21ABE9932696F8330063C07A /* MyWindowController.xib */ = {isa = PBXFileReference; lastKnownFileType = file.xib; path = MyWindowController.xib; sourceTree = "<group>"; };
		21ABE9962696F8C90063C07A /* TestWindow.swift */ = {isa = PBXFileReference; lastKnownFileType = sourcecode.swift; path = TestWindow.swift; sourceTree = "<group>"; };
		21ABE998269730B70063C07A /* MainViewController.swift */ = {isa = PBXFileReference; lastKnownFileType = sourcecode.swift; path = MainViewController.swift; sourceTree = "<group>"; };
		21ABE99B26973B040063C07A /* TestListViewController.swift */ = {isa = PBXFileReference; lastKnownFileType = sourcecode.swift; path = TestListViewController.swift; sourceTree = "<group>"; };
		21ABE99C26973B040063C07A /* TestListViewController.xib */ = {isa = PBXFileReference; lastKnownFileType = file.xib; path = TestListViewController.xib; sourceTree = "<group>"; };
		21AD5145269A2D60006DF32F /* MainWindowController.swift */ = {isa = PBXFileReference; lastKnownFileType = sourcecode.swift; path = MainWindowController.swift; sourceTree = "<group>"; };
		21AD5148269B3E32006DF32F /* AppContext.swift */ = {isa = PBXFileReference; lastKnownFileType = sourcecode.swift; path = AppContext.swift; sourceTree = "<group>"; };
		21AD514A269B3FC8006DF32F /* CommonTestWindowController.swift */ = {isa = PBXFileReference; lastKnownFileType = sourcecode.swift; path = CommonTestWindowController.swift; sourceTree = "<group>"; };
		21AD514B269B3FC8006DF32F /* CommonTestWindowController.xib */ = {isa = PBXFileReference; lastKnownFileType = file.xib; path = CommonTestWindowController.xib; sourceTree = "<group>"; };
		21AD514E269B3FFE006DF32F /* TestCoreAnimation.swift */ = {isa = PBXFileReference; lastKnownFileType = sourcecode.swift; path = TestCoreAnimation.swift; sourceTree = "<group>"; };
		21AD5150269B4215006DF32F /* LayerDelegate.swift */ = {isa = PBXFileReference; lastKnownFileType = sourcecode.swift; path = LayerDelegate.swift; sourceTree = "<group>"; };
		21AD5155269C8F37006DF32F /* NSView+Extensions.swift */ = {isa = PBXFileReference; fileEncoding = 4; lastKnownFileType = sourcecode.swift; path = "NSView+Extensions.swift"; sourceTree = "<group>"; };
		21AD5158269C8FCD006DF32F /* ObjCExceptionCatcher.m */ = {isa = PBXFileReference; fileEncoding = 4; lastKnownFileType = sourcecode.c.objc; path = ObjCExceptionCatcher.m; sourceTree = "<group>"; };
		21AD5159269C8FCD006DF32F /* ObjCExceptionCatcher.h */ = {isa = PBXFileReference; fileEncoding = 4; lastKnownFileType = sourcecode.c.h; path = ObjCExceptionCatcher.h; sourceTree = "<group>"; };
		21B479D626A0F1DB003A91FB /* BonjourClient.swift */ = {isa = PBXFileReference; lastKnownFileType = sourcecode.swift; path = BonjourClient.swift; sourceTree = "<group>"; };
		21B479DA26A0F582003A91FB /* TestBonjour.swift */ = {isa = PBXFileReference; lastKnownFileType = sourcecode.swift; path = TestBonjour.swift; sourceTree = "<group>"; };
		21CCC088273A565D00FD4D04 /* ClickableTextField.swift */ = {isa = PBXFileReference; fileEncoding = 4; lastKnownFileType = sourcecode.swift; path = ClickableTextField.swift; sourceTree = "<group>"; };
		21CCC08D273A569F00FD4D04 /* PopoverView.swift */ = {isa = PBXFileReference; fileEncoding = 4; lastKnownFileType = sourcecode.swift; path = PopoverView.swift; sourceTree = "<group>"; };
		21CCC08F273A56E700FD4D04 /* NSPopover+Extensions.swift */ = {isa = PBXFileReference; fileEncoding = 4; lastKnownFileType = sourcecode.swift; path = "NSPopover+Extensions.swift"; sourceTree = "<group>"; };
		21D54B48272696BA009CDBC1 /* Timer+Extensions.swift */ = {isa = PBXFileReference; fileEncoding = 4; lastKnownFileType = sourcecode.swift; path = "Timer+Extensions.swift"; sourceTree = "<group>"; };
		21D54B4A27269723009CDBC1 /* QuartzWindowServicesAdapter.swift */ = {isa = PBXFileReference; fileEncoding = 4; lastKnownFileType = sourcecode.swift; path = QuartzWindowServicesAdapter.swift; sourceTree = "<group>"; };
		21D54B4E272697B3009CDBC1 /* WillBeSet.swift */ = {isa = PBXFileReference; fileEncoding = 4; lastKnownFileType = sourcecode.swift; path = WillBeSet.swift; sourceTree = "<group>"; };
		21F106B7272A4B2700E40AD9 /* LocalShareControlBarWindowController.xib */ = {isa = PBXFileReference; fileEncoding = 4; lastKnownFileType = file.xib; path = LocalShareControlBarWindowController.xib; sourceTree = "<group>"; };
		21F106B8272A4B2700E40AD9 /* LocalShareControlHorizontalBarViewController.xib */ = {isa = PBXFileReference; fileEncoding = 4; lastKnownFileType = file.xib; path = LocalShareControlHorizontalBarViewController.xib; sourceTree = "<group>"; };
		21F106B9272A4B2700E40AD9 /* LocalShareControlBarViewController.swift */ = {isa = PBXFileReference; fileEncoding = 4; lastKnownFileType = sourcecode.swift; path = LocalShareControlBarViewController.swift; sourceTree = "<group>"; };
		21F106BA272A4B2700E40AD9 /* LocalShareControlBarWindowController.swift */ = {isa = PBXFileReference; fileEncoding = 4; lastKnownFileType = sourcecode.swift; path = LocalShareControlBarWindowController.swift; sourceTree = "<group>"; };
		21F106BB272A4B2700E40AD9 /* LocalShareControlBarManager.swift */ = {isa = PBXFileReference; fileEncoding = 4; lastKnownFileType = sourcecode.swift; path = LocalShareControlBarManager.swift; sourceTree = "<group>"; };
		21F106D5272A522700E40AD9 /* ShareManagerComponent.swift */ = {isa = PBXFileReference; fileEncoding = 4; lastKnownFileType = sourcecode.swift; path = ShareManagerComponent.swift; sourceTree = "<group>"; };
		21F106D7272A522800E40AD9 /* ShareManager.swift */ = {isa = PBXFileReference; fileEncoding = 4; lastKnownFileType = sourcecode.swift; path = ShareManager.swift; sourceTree = "<group>"; };
		21F106D8272A522800E40AD9 /* ShareContext.swift */ = {isa = PBXFileReference; fileEncoding = 4; lastKnownFileType = sourcecode.swift; path = ShareContext.swift; sourceTree = "<group>"; };
		21F106D9272A522900E40AD9 /* ShareFactory.swift */ = {isa = PBXFileReference; fileEncoding = 4; lastKnownFileType = sourcecode.swift; path = ShareFactory.swift; sourceTree = "<group>"; };
		21F106F8272A52AF00E40AD9 /* CommonHead.xcodeproj */ = {isa = PBXFileReference; lastKnownFileType = "wrapper.pb-project"; name = CommonHead.xcodeproj; path = Spark/CommonHead/CommonHead.xcodeproj; sourceTree = "<group>"; };
		21F1075A272A7A0900E40AD9 /* BaseWindowController.swift */ = {isa = PBXFileReference; fileEncoding = 4; lastKnownFileType = sourcecode.swift; path = BaseWindowController.swift; sourceTree = "<group>"; };
		21F10768272A81BD00E40AD9 /* ShareSource.swift */ = {isa = PBXFileReference; fileEncoding = 4; lastKnownFileType = sourcecode.swift; path = ShareSource.swift; sourceTree = "<group>"; };
		21F1077B272A83E900E40AD9 /* MobileDeviceAdapter.h */ = {isa = PBXFileReference; fileEncoding = 4; lastKnownFileType = sourcecode.c.h; path = MobileDeviceAdapter.h; sourceTree = "<group>"; };
		21F1077C272A83E900E40AD9 /* MobileDevice.h */ = {isa = PBXFileReference; fileEncoding = 4; lastKnownFileType = sourcecode.c.h; path = MobileDevice.h; sourceTree = "<group>"; };
		21F1077D272A83E900E40AD9 /* MobileDeviceAdapter.mm */ = {isa = PBXFileReference; fileEncoding = 4; lastKnownFileType = sourcecode.cpp.objcpp; path = MobileDeviceAdapter.mm; sourceTree = "<group>"; };
		21F1077F272A841200E40AD9 /* share-ios-tap-on-phone-dark.png */ = {isa = PBXFileReference; lastKnownFileType = image.png; path = "share-ios-tap-on-phone-dark.png"; sourceTree = "<group>"; };
		21F10780272A841200E40AD9 /* share-ios-computer-phone-light.png */ = {isa = PBXFileReference; lastKnownFileType = image.png; path = "share-ios-computer-phone-light.png"; sourceTree = "<group>"; };
		21F10781272A841200E40AD9 /* share-ios-tap-on-phone-light.png */ = {isa = PBXFileReference; lastKnownFileType = image.png; path = "share-ios-tap-on-phone-light.png"; sourceTree = "<group>"; };
		21F10782272A841300E40AD9 /* share-ios-computer-phone-dark.png */ = {isa = PBXFileReference; lastKnownFileType = image.png; path = "share-ios-computer-phone-dark.png"; sourceTree = "<group>"; };
		21F10787272A842B00E40AD9 /* ShareIosScreenCaptureManager.swift */ = {isa = PBXFileReference; fileEncoding = 4; lastKnownFileType = sourcecode.swift; path = ShareIosScreenCaptureManager.swift; sourceTree = "<group>"; };
		21F10788272A842B00E40AD9 /* ShareIosScreenPromptWindowController.swift */ = {isa = PBXFileReference; fileEncoding = 4; lastKnownFileType = sourcecode.swift; path = ShareIosScreenPromptWindowController.swift; sourceTree = "<group>"; };
		21F10789272A842B00E40AD9 /* ShareIosScreenManager.swift */ = {isa = PBXFileReference; fileEncoding = 4; lastKnownFileType = sourcecode.swift; path = ShareIosScreenManager.swift; sourceTree = "<group>"; };
		21F1078A272A842B00E40AD9 /* ShareIosScreenPromptWindowController.xib */ = {isa = PBXFileReference; fileEncoding = 4; lastKnownFileType = file.xib; path = ShareIosScreenPromptWindowController.xib; sourceTree = "<group>"; };
		21F1078B272A842B00E40AD9 /* ShareIosScreenWindowController.xib */ = {isa = PBXFileReference; fileEncoding = 4; lastKnownFileType = file.xib; path = ShareIosScreenWindowController.xib; sourceTree = "<group>"; };
		21F1078C272A842B00E40AD9 /* ShareIosScreenWindowController.swift */ = {isa = PBXFileReference; fileEncoding = 4; lastKnownFileType = sourcecode.swift; path = ShareIosScreenWindowController.swift; sourceTree = "<group>"; };
		21F10793272A848E00E40AD9 /* BaseViewController.swift */ = {isa = PBXFileReference; fileEncoding = 4; lastKnownFileType = sourcecode.swift; path = BaseViewController.swift; sourceTree = "<group>"; };
		21F10796272A854300E40AD9 /* LocalizationStrings.swift */ = {isa = PBXFileReference; fileEncoding = 4; lastKnownFileType = sourcecode.swift; path = LocalizationStrings.swift; sourceTree = "<group>"; };
		21F10799272A889200E40AD9 /* CallControllerManager.swift */ = {isa = PBXFileReference; fileEncoding = 4; lastKnownFileType = sourcecode.swift; path = CallControllerManager.swift; sourceTree = "<group>"; };
		21F1079B272A8A7100E40AD9 /* NSAppearance+Extensions.swift */ = {isa = PBXFileReference; lastKnownFileType = sourcecode.swift; path = "NSAppearance+Extensions.swift"; sourceTree = "<group>"; };
		21F1079D272A8BAC00E40AD9 /* ThemeManager.swift */ = {isa = PBXFileReference; lastKnownFileType = sourcecode.swift; path = ThemeManager.swift; sourceTree = "<group>"; };
		21F1079F272A8C8E00E40AD9 /* NSColor+Extensions.swift */ = {isa = PBXFileReference; lastKnownFileType = sourcecode.swift; path = "NSColor+Extensions.swift"; sourceTree = "<group>"; };
		21F107A1272A8D7F00E40AD9 /* NSRect+Extensions.swift */ = {isa = PBXFileReference; lastKnownFileType = sourcecode.swift; path = "NSRect+Extensions.swift"; sourceTree = "<group>"; };
		21F107A3272A8E4100E40AD9 /* CommonHeadFrameworkAdapter.swift */ = {isa = PBXFileReference; lastKnownFileType = sourcecode.swift; path = CommonHeadFrameworkAdapter.swift; sourceTree = "<group>"; };
		21F107A5272A8EF800E40AD9 /* NotificationEventNames.h */ = {isa = PBXFileReference; fileEncoding = 4; lastKnownFileType = sourcecode.c.h; path = NotificationEventNames.h; sourceTree = "<group>"; };
		21F107A6272A8EF800E40AD9 /* NotificationEventNames.m */ = {isa = PBXFileReference; fileEncoding = 4; lastKnownFileType = sourcecode.c.objc; path = NotificationEventNames.m; sourceTree = "<group>"; };
		21F107A9272A902000E40AD9 /* SharePreparingWindowController.swift */ = {isa = PBXFileReference; fileEncoding = 4; lastKnownFileType = sourcecode.swift; path = SharePreparingWindowController.swift; sourceTree = "<group>"; };
		21F107AA272A902000E40AD9 /* SharePreparingWindowController.xib */ = {isa = PBXFileReference; fileEncoding = 4; lastKnownFileType = file.xib; path = SharePreparingWindowController.xib; sourceTree = "<group>"; };
		21F107AE272A905600E40AD9 /* ShareResumeWindowController.swift */ = {isa = PBXFileReference; fileEncoding = 4; lastKnownFileType = sourcecode.swift; path = ShareResumeWindowController.swift; sourceTree = "<group>"; };
		21F107AF272A905600E40AD9 /* ShareResumeWindowController.xib */ = {isa = PBXFileReference; fileEncoding = 4; lastKnownFileType = file.xib; path = ShareResumeWindowController.xib; sourceTree = "<group>"; };
		21F107B2272A919B00E40AD9 /* String+Extensions.swift */ = {isa = PBXFileReference; lastKnownFileType = sourcecode.swift; path = "String+Extensions.swift"; sourceTree = "<group>"; };
		21F107B4272A922C00E40AD9 /* LoadingImageView.swift */ = {isa = PBXFileReference; fileEncoding = 4; lastKnownFileType = sourcecode.swift; path = LoadingImageView.swift; sourceTree = "<group>"; };
		21F107B6272A927600E40AD9 /* SemanticThemeManager.swift */ = {isa = PBXFileReference; fileEncoding = 4; lastKnownFileType = sourcecode.swift; path = SemanticThemeManager.swift; sourceTree = "<group>"; };
		21F107B8272A92DE00E40AD9 /* CHSemanticToken.h */ = {isa = PBXFileReference; lastKnownFileType = sourcecode.c.h; path = CHSemanticToken.h; sourceTree = "<group>"; };
		21F107B9272A934900E40AD9 /* CSIRotatingImageView.swift */ = {isa = PBXFileReference; fileEncoding = 4; lastKnownFileType = sourcecode.swift; path = CSIRotatingImageView.swift; sourceTree = "<group>"; };
		21F107BB272A943000E40AD9 /* SparkTextField.swift */ = {isa = PBXFileReference; fileEncoding = 4; lastKnownFileType = sourcecode.swift; path = SparkTextField.swift; sourceTree = "<group>"; };
		21F107BD272A945700E40AD9 /* SemanticInputTextField.swift */ = {isa = PBXFileReference; fileEncoding = 4; lastKnownFileType = sourcecode.swift; path = SemanticInputTextField.swift; sourceTree = "<group>"; };
		21F107BF272A95CC00E40AD9 /* GlobalShortcutHandlerHelper.swift */ = {isa = PBXFileReference; fileEncoding = 4; lastKnownFileType = sourcecode.swift; path = GlobalShortcutHandlerHelper.swift; sourceTree = "<group>"; };
		21F107C6272A9A6D00E40AD9 /* ProcessInfo+Extensions.swift */ = {isa = PBXFileReference; lastKnownFileType = sourcecode.swift; path = "ProcessInfo+Extensions.swift"; sourceTree = "<group>"; };
		21F107CB272A9C5B00E40AD9 /* CoreFramework.swift */ = {isa = PBXFileReference; lastKnownFileType = sourcecode.swift; path = CoreFramework.swift; sourceTree = "<group>"; };
		21F107CD272A9E5400E40AD9 /* CALayer+Extensions.swift */ = {isa = PBXFileReference; lastKnownFileType = sourcecode.swift; path = "CALayer+Extensions.swift"; sourceTree = "<group>"; };
		21F107D8272AA0B100E40AD9 /* UIToolkit.xcodeproj */ = {isa = PBXFileReference; lastKnownFileType = "wrapper.pb-project"; name = UIToolkit.xcodeproj; path = Spark/UIToolkit/macOS/uitoolkit/UIToolkit.xcodeproj; sourceTree = "<group>"; };
		21FBAF9326D3D5DB00717FDC /* TestShare.swift */ = {isa = PBXFileReference; lastKnownFileType = sourcecode.swift; path = TestShare.swift; sourceTree = "<group>"; };
		21FBB2D726D766D400717FDC /* NSImage+Extensions.swift */ = {isa = PBXFileReference; fileEncoding = 4; lastKnownFileType = sourcecode.swift; path = "NSImage+Extensions.swift"; sourceTree = "<group>"; };
		21FBB2D926D7682800717FDC /* NSScreen+Extensions.swift */ = {isa = PBXFileReference; fileEncoding = 4; lastKnownFileType = sourcecode.swift; path = "NSScreen+Extensions.swift"; sourceTree = "<group>"; };
		21FBB2DB26D76BF500717FDC /* Process+Extensions.swift */ = {isa = PBXFileReference; fileEncoding = 4; lastKnownFileType = sourcecode.swift; path = "Process+Extensions.swift"; sourceTree = "<group>"; };
		21FBB2E326D76E0900717FDC /* ShareSourceVM.swift */ = {isa = PBXFileReference; lastKnownFileType = sourcecode.swift; path = ShareSourceVM.swift; sourceTree = "<group>"; };
/* End PBXFileReference section */

/* Begin PBXFrameworksBuildPhase section */
		215F8AD325B098EA000F4D45 /* Frameworks */ = {
			isa = PBXFrameworksBuildPhase;
			buildActionMask = 2147483647;
			files = (
				21F106FE272A52CB00E40AD9 /* CommonHead.framework in Frameworks */,
				21F107E1272AA0BA00E40AD9 /* UIToolkit.framework in Frameworks */,
			);
			runOnlyForDeploymentPostprocessing = 0;
		};
/* End PBXFrameworksBuildPhase section */

/* Begin PBXGroup section */
		210C5E7C26CC9E8500F69BFF /* Base */ = {
			isa = PBXGroup;
			children = (
				215F52EA270588E100F4ADD0 /* Adapter */,
				210C5E7D26CC9E9300F69BFF /* Extensions */,
				21F10759272A79CE00E40AD9 /* Father */,
			);
			path = Base;
			sourceTree = "<group>";
		};
		210C5E7D26CC9E9300F69BFF /* Extensions */ = {
			isa = PBXGroup;
			children = (
				210C5E7E26CC9EE900F69BFF /* Bundle+Extensions.swift */,
				21F1079B272A8A7100E40AD9 /* NSAppearance+Extensions.swift */,
				21F1079F272A8C8E00E40AD9 /* NSColor+Extensions.swift */,
				21FBB2D726D766D400717FDC /* NSImage+Extensions.swift */,
				21F107A1272A8D7F00E40AD9 /* NSRect+Extensions.swift */,
				21FBB2D926D7682800717FDC /* NSScreen+Extensions.swift */,
				21FBB2DB26D76BF500717FDC /* Process+Extensions.swift */,
				21F107C6272A9A6D00E40AD9 /* ProcessInfo+Extensions.swift */,
				21F107B2272A919B00E40AD9 /* String+Extensions.swift */,
				21D54B48272696BA009CDBC1 /* Timer+Extensions.swift */,
				210C5E8026CC9F8800F69BFF /* URL+Extensions.swift */,
				21F107CD272A9E5400E40AD9 /* CALayer+Extensions.swift */,
			);
			path = Extensions;
			sourceTree = "<group>";
		};
		211C78962681AADB003D9EB4 /* Log */ = {
			isa = PBXGroup;
			children = (
				211C78972681AB03003D9EB4 /* LogsWindowController.swift */,
				211C78982681AB03003D9EB4 /* LogsWindowController.xib */,
				210C5E8C26CCAEF500F69BFF /* ObfuscatedString.h */,
				210C5E8D26CCAF9E00F69BFF /* RootLogger.cpp */,
				210C5E8B26CCAEB200F69BFF /* RootLogger.h */,
				210C5E8926CCA7C200F69BFF /* SparkLogger.h */,
			);
			path = Log;
			sourceTree = "<group>";
		};
		215F52E427057E1100F4ADD0 /* Test */ = {
			isa = PBXGroup;
			children = (
				215F52E527057E2400F4ADD0 /* Utils */,
			);
			path = Test;
			sourceTree = "<group>";
		};
		215F52E527057E2400F4ADD0 /* Utils */ = {
			isa = PBXGroup;
			children = (
				215F52E62705870600F4ADD0 /* TestScreenChangeHelper.swift */,
			);
			path = Utils;
			sourceTree = "<group>";
		};
		215F52EA270588E100F4ADD0 /* Adapter */ = {
			isa = PBXGroup;
			children = (
				215F52EB270588FA00F4ADD0 /* NSScreenAdapter.swift */,
				21D54B4A27269723009CDBC1 /* QuartzWindowServicesAdapter.swift */,
			);
			path = Adapter;
			sourceTree = "<group>";
		};
		215F8ACD25B098EA000F4D45 = {
			isa = PBXGroup;
			children = (
				21F106F8272A52AF00E40AD9 /* CommonHead.xcodeproj */,
				21F106CE272A510400E40AD9 /* Frameworks */,
				21A38408264E179E00F12D78 /* Hotkey */,
				215F8AD825B098EA000F4D45 /* Mac-ToolKit */,
				215F8AD725B098EA000F4D45 /* Products */,
				215F52E427057E1100F4ADD0 /* Test */,
				2184EBC2272BA27100A38EC0 /* UIToolkit */,
				21F107D8272AA0B100E40AD9 /* UIToolkit.xcodeproj */,
			);
			sourceTree = "<group>";
		};
		215F8AD725B098EA000F4D45 /* Products */ = {
			isa = PBXGroup;
			children = (
				215F8AD625B098EA000F4D45 /* Mac-ToolKit.app */,
			);
			name = Products;
			sourceTree = "<group>";
		};
		215F8AD825B098EA000F4D45 /* Mac-ToolKit */ = {
			isa = PBXGroup;
			children = (
				210C5E7C26CC9E8500F69BFF /* Base */,
				21ABE9902696DE900063C07A /* App */,
				21B479D526A0F1AF003A91FB /* Bonjour */,
				2176CDEE268AC39800FAA4E0 /* CollectionView */,
				21AD5147269AB752006DF32F /* CoreAnimation */,
				211C78962681AADB003D9EB4 /* Log */,
				219634CF265611CB00BFA3F4 /* Resources */,
				21AC7DA126CA392C004E439F /* Share */,
				21771E252683612D004F40AB /* Test */,
				21ABE98F2696DE3C0063C07A /* Utils */,
				21ABE9912696F2BC0063C07A /* Window */,
				2197C8BA2638173500338898 /* WindowStroke */,
			);
			path = "Mac-ToolKit";
			sourceTree = "<group>";
		};
		2176CDEE268AC39800FAA4E0 /* CollectionView */ = {
			isa = PBXGroup;
			children = (
				2176CDEF268AC3CD00FAA4E0 /* CollectionViewWindowController.swift */,
				2176CDF0268AC3CD00FAA4E0 /* CollectionViewWindowController.xib */,
			);
			path = CollectionView;
			sourceTree = "<group>";
		};
		21771E252683612D004F40AB /* Test */ = {
			isa = PBXGroup;
			children = (
				21AD514A269B3FC8006DF32F /* CommonTestWindowController.swift */,
				21AD514B269B3FC8006DF32F /* CommonTestWindowController.xib */,
				21ABE99B26973B040063C07A /* TestListViewController.swift */,
				21ABE99C26973B040063C07A /* TestListViewController.xib */,
			);
			path = Test;
			sourceTree = "<group>";
		};
		2184EBC2272BA27100A38EC0 /* UIToolkit */ = {
			isa = PBXGroup;
			children = (
				2184EBCA272BBE4C00A38EC0 /* json */,
				21F107B6272A927600E40AD9 /* SemanticThemeManager.swift */,
				2184EBBB272BA02F00A38EC0 /* ThemesJson.swift */,
				2184EBC0272BA05000A38EC0 /* ColorsJson.swift */,
			);
			path = UIToolkit;
			sourceTree = "<group>";
		};
		2184EBCA272BBE4C00A38EC0 /* json */ = {
			isa = PBXGroup;
			children = (
				2184EBCD272BBE8900A38EC0 /* themes */,
				2184EBCB272BBE5C00A38EC0 /* colors.json */,
			);
			name = json;
			sourceTree = "<group>";
		};
		2184EBCD272BBE8900A38EC0 /* themes */ = {
			isa = PBXGroup;
			children = (
				2184EBE6272BBEAE00A38EC0 /* momentum */,
				2184EBD0272BBEA000A38EC0 /* bronzeDark.json */,
				2184EBD5272BBEA000A38EC0 /* bronzeLight.json */,
				2184EBD8272BBEA000A38EC0 /* dark.json */,
				2184EBD2272BBEA000A38EC0 /* default.json */,
				2184EBD1272BBEA000A38EC0 /* emeraldDark.json */,
				2184EBD4272BBEA000A38EC0 /* emeraldLight.json */,
				2184EBCF272BBEA000A38EC0 /* gradient.json */,
				2184EBCE272BBEA000A38EC0 /* jadeDark.json */,
				2184EBD7272BBEA000A38EC0 /* jadeLight.json */,
				2184EBD3272BBEA000A38EC0 /* lavenderDark.json */,
				2184EBD6272BBEA000A38EC0 /* lavenderLight.json */,
				2184EBD9272BBEA000A38EC0 /* systemHighContrast.json */,
			);
			name = themes;
			sourceTree = "<group>";
		};
		2184EBE6272BBEAE00A38EC0 /* momentum */ = {
			isa = PBXGroup;
			children = (
				2184EBF1272BBEBF00A38EC0 /* momentumBronzeDark.json */,
				2184EBF0272BBEBF00A38EC0 /* momentumBronzeLight.json */,
				2184EBF2272BBEBF00A38EC0 /* momentumDark.json */,
				2184EBEC272BBEBF00A38EC0 /* momentumDefault.json */,
				2184EBE8272BBEBE00A38EC0 /* momentumIndigoDark.json */,
				2184EBF3272BBEBF00A38EC0 /* momentumIndigoLight.json */,
				2184EBED272BBEBF00A38EC0 /* momentumJadeDark.json */,
				2184EBE9272BBEBE00A38EC0 /* momentumJadeLight.json */,
				2184EBEA272BBEBE00A38EC0 /* momentumLavenderDark.json */,
				2184EBEB272BBEBE00A38EC0 /* momentumLavenderLight.json */,
				2184EBE7272BBEBE00A38EC0 /* momentumRoseDark.json */,
				2184EBEF272BBEBF00A38EC0 /* momentumRoseLight.json */,
				2184EBEE272BBEBF00A38EC0 /* momentumSystemHighContrast.json */,
			);
			name = momentum;
			sourceTree = "<group>";
		};
		219634CF265611CB00BFA3F4 /* Resources */ = {
			isa = PBXGroup;
			children = (
				219634D0265611CB00BFA3F4 /* font */,
			);
			path = Resources;
			sourceTree = "<group>";
		};
		219634D0265611CB00BFA3F4 /* font */ = {
			isa = PBXGroup;
			children = (
				219634D1265611CB00BFA3F4 /* momentum-ui-icons.ttf */,
				211527AD27325F49005C83C5 /* momentum-ui-icons-rebrand.ttf */,
			);
			path = font;
			sourceTree = "<group>";
		};
		2197C8BA2638173500338898 /* WindowStroke */ = {
			isa = PBXGroup;
			children = (
				21094121266083B10040AC73 /* MagicDrawingBoardManager.swift */,
				21094122266083B20040AC73 /* MagicDrawingBoardWindowController.swift */,
				21094120266083B10040AC73 /* MagicDrawingBoardWindowController.xib */,
				211C788F26817D70003D9EB4 /* NSScreen+Extensions.h */,
				211C788E26817D70003D9EB4 /* NSScreen+Extensions.m */,
				211C78912681840C003D9EB4 /* TestDrawingBoard.swift */,
			);
			path = WindowStroke;
			sourceTree = "<group>";
		};
		21A38408264E179E00F12D78 /* Hotkey */ = {
			isa = PBXGroup;
			children = (
				21A38409264E179E00F12D78 /* DDHotKeyCenter.h */,
				21A3840E264E179E00F12D78 /* DDHotKeyCenter.m */,
				21A3840A264E179E00F12D78 /* DDHotKeyTextField.h */,
				21A3840D264E179E00F12D78 /* DDHotKeyTextField.m */,
				21A38410264E179E00F12D78 /* DDHotKeyUtilities.h */,
				21A3840C264E179E00F12D78 /* DDHotKeyUtilities.m */,
				21A3840B264E179E00F12D78 /* GlobalShortcutHander.h */,
				21A3840F264E179E00F12D78 /* GlobalShortcutHander.m */,
				21F107BF272A95CC00E40AD9 /* GlobalShortcutHandlerHelper.swift */,
			);
			name = Hotkey;
			path = "Mac-ToolKit/Hotkey";
			sourceTree = "<group>";
		};
		21ABE98F2696DE3C0063C07A /* Utils */ = {
			isa = PBXGroup;
			children = (
				21CCC088273A565D00FD4D04 /* ClickableTextField.swift */,
				21F107B9272A934900E40AD9 /* CSIRotatingImageView.swift */,
				211C78892680742E003D9EB4 /* FontelloButton.swift */,
				211C789E2681E1B4003D9EB4 /* FontelloLabelWithText.swift */,
				2184EC20272BEB7600A38EC0 /* Geometry.swift */,
				2184EC1E272BCE3E00A38EC0 /* LegacyMomentumIconType.swift */,
				21F107B4272A922C00E40AD9 /* LoadingImageView.swift */,
				213E13A22637AAEA00DFECFF /* MouseTrackView.swift */,
				21CCC08F273A56E700FD4D04 /* NSPopover+Extensions.swift */,
				21AD5155269C8F37006DF32F /* NSView+Extensions.swift */,
				21AD5159269C8FCD006DF32F /* ObjCExceptionCatcher.h */,
				21AD5158269C8FCD006DF32F /* ObjCExceptionCatcher.m */,
				21CCC08D273A569F00FD4D04 /* PopoverView.swift */,
				217BD3682649356400B58ED2 /* RoundSameSideCornerView.swift */,
				215F52DE2705659800F4ADD0 /* ScreenChangeHelper.swift */,
				21F107BD272A945700E40AD9 /* SemanticInputTextField.swift */,
				21FBB2E326D76E0900717FDC /* ShareSourceVM.swift */,
				219634CB26560CEA00BFA3F4 /* SparkButton.swift */,
				21F107BB272A943000E40AD9 /* SparkTextField.swift */,
				215F52E02705699A00F4ADD0 /* Subject.swift */,
				21D54B4E272697B3009CDBC1 /* WillBeSet.swift */,
			);
			path = Utils;
			sourceTree = "<group>";
		};
		21ABE9902696DE900063C07A /* App */ = {
			isa = PBXGroup;
			children = (
				21AD5148269B3E32006DF32F /* AppContext.swift */,
				215F8AD925B098EA000F4D45 /* AppDelegate.swift */,
				215F8ADD25B098EC000F4D45 /* Assets.xcassets */,
				215F8AE225B098EC000F4D45 /* Info.plist */,
				215F8ADF25B098EC000F4D45 /* Main.storyboard */,
				21ABE998269730B70063C07A /* MainViewController.swift */,
				21AD5145269A2D60006DF32F /* MainWindowController.swift */,
				215F8AE325B098EC000F4D45 /* Mac-Toolkit.entitlements */,
				2132C21A264E29E60032C2FB /* Mac-Toolkit-Bridging-Header.h */,
			);
			path = App;
			sourceTree = "<group>";
		};
		21ABE9912696F2BC0063C07A /* Window */ = {
			isa = PBXGroup;
			children = (
				21ABE9922696F8330063C07A /* MyWindowController.swift */,
				21ABE9932696F8330063C07A /* MyWindowController.xib */,
				21ABE9962696F8C90063C07A /* TestWindow.swift */,
			);
			path = Window;
			sourceTree = "<group>";
		};
		21AC7DA126CA392C004E439F /* Share */ = {
			isa = PBXGroup;
			children = (
				21F107AD272A903500E40AD9 /* ShareResume */,
				21F107A8272A900300E40AD9 /* SharePrepare */,
				21F10798272A880F00E40AD9 /* Fake */,
				21F1077A272A83B600E40AD9 /* ShareIosScreen */,
				21F106D2272A51C000E40AD9 /* Manager */,
				21F106B6272A4AED00E40AD9 /* LocalShareControlBar */,
				21FBAF9326D3D5DB00717FDC /* TestShare.swift */,
				211DF003271EA42100CD4BBA /* FullScreenDetector.swift */,
				211DF004271EA42100CD4BBA /* FullScreenDetector.xib */,
			);
			path = Share;
			sourceTree = "<group>";
		};
		21AD5147269AB752006DF32F /* CoreAnimation */ = {
			isa = PBXGroup;
			children = (
				21AD5150269B4215006DF32F /* LayerDelegate.swift */,
				21AD514E269B3FFE006DF32F /* TestCoreAnimation.swift */,
			);
			path = CoreAnimation;
			sourceTree = "<group>";
		};
		21B479D526A0F1AF003A91FB /* Bonjour */ = {
			isa = PBXGroup;
			children = (
				21B479D626A0F1DB003A91FB /* BonjourClient.swift */,
				21B479DA26A0F582003A91FB /* TestBonjour.swift */,
			);
			path = Bonjour;
			sourceTree = "<group>";
		};
		21F106B6272A4AED00E40AD9 /* LocalShareControlBar */ = {
			isa = PBXGroup;
			children = (
				21F106BB272A4B2700E40AD9 /* LocalShareControlBarManager.swift */,
				21F106B9272A4B2700E40AD9 /* LocalShareControlBarViewController.swift */,
				21F106BA272A4B2700E40AD9 /* LocalShareControlBarWindowController.swift */,
				21F106B7272A4B2700E40AD9 /* LocalShareControlBarWindowController.xib */,
				211527A527324E84005C83C5 /* LocalShareControlButtonsHorizontalViewController.xib */,
				211527A82732508C005C83C5 /* LocalShareControlButtonsVerticalViewController.xib */,
				211527A427324E84005C83C5 /* LocalShareControlButtonsViewController.swift */,
				21F106B8272A4B2700E40AD9 /* LocalShareControlHorizontalBarViewController.xib */,
				21027CA62731015C0021831B /* LocalShareControlVerticalBarViewController.xib */,
			);
			path = LocalShareControlBar;
			sourceTree = "<group>";
		};
		21F106CE272A510400E40AD9 /* Frameworks */ = {
			isa = PBXGroup;
			children = (
			);
			name = Frameworks;
			sourceTree = "<group>";
		};
		21F106D2272A51C000E40AD9 /* Manager */ = {
			isa = PBXGroup;
			children = (
				21F10768272A81BD00E40AD9 /* ShareSource.swift */,
				21F106D8272A522800E40AD9 /* ShareContext.swift */,
				21F106D9272A522900E40AD9 /* ShareFactory.swift */,
				21F106D7272A522800E40AD9 /* ShareManager.swift */,
				21F106D5272A522700E40AD9 /* ShareManagerComponent.swift */,
			);
			path = Manager;
			sourceTree = "<group>";
		};
		21F106F9272A52AF00E40AD9 /* Products */ = {
			isa = PBXGroup;
			children = (
				21F106FD272A52AF00E40AD9 /* CommonHead.framework */,
			);
			name = Products;
			sourceTree = "<group>";
		};
		21F10759272A79CE00E40AD9 /* Father */ = {
			isa = PBXGroup;
			children = (
				21F10793272A848E00E40AD9 /* BaseViewController.swift */,
				21F1075A272A7A0900E40AD9 /* BaseWindowController.swift */,
			);
			path = Father;
			sourceTree = "<group>";
		};
		21F1077A272A83B600E40AD9 /* ShareIosScreen */ = {
			isa = PBXGroup;
			children = (
				21F1077C272A83E900E40AD9 /* MobileDevice.h */,
				21F1077B272A83E900E40AD9 /* MobileDeviceAdapter.h */,
				21F1077D272A83E900E40AD9 /* MobileDeviceAdapter.mm */,
				21F10782272A841300E40AD9 /* share-ios-computer-phone-dark.png */,
				21F10780272A841200E40AD9 /* share-ios-computer-phone-light.png */,
				21F1077F272A841200E40AD9 /* share-ios-tap-on-phone-dark.png */,
				21F10781272A841200E40AD9 /* share-ios-tap-on-phone-light.png */,
				21F10787272A842B00E40AD9 /* ShareIosScreenCaptureManager.swift */,
				21F10789272A842B00E40AD9 /* ShareIosScreenManager.swift */,
				21F10788272A842B00E40AD9 /* ShareIosScreenPromptWindowController.swift */,
				21F1078A272A842B00E40AD9 /* ShareIosScreenPromptWindowController.xib */,
				21F1078C272A842B00E40AD9 /* ShareIosScreenWindowController.swift */,
				21F1078B272A842B00E40AD9 /* ShareIosScreenWindowController.xib */,
			);
			path = ShareIosScreen;
			sourceTree = "<group>";
		};
		21F10798272A880F00E40AD9 /* Fake */ = {
			isa = PBXGroup;
			children = (
				21F107B8272A92DE00E40AD9 /* CHSemanticToken.h */,
				21F10796272A854300E40AD9 /* LocalizationStrings.swift */,
				21F10799272A889200E40AD9 /* CallControllerManager.swift */,
				21F1079D272A8BAC00E40AD9 /* ThemeManager.swift */,
				21F107A3272A8E4100E40AD9 /* CommonHeadFrameworkAdapter.swift */,
				21F107A5272A8EF800E40AD9 /* NotificationEventNames.h */,
				21F107A6272A8EF800E40AD9 /* NotificationEventNames.m */,
				21F107CB272A9C5B00E40AD9 /* CoreFramework.swift */,
			);
			path = Fake;
			sourceTree = "<group>";
		};
		21F107A8272A900300E40AD9 /* SharePrepare */ = {
			isa = PBXGroup;
			children = (
				21F107A9272A902000E40AD9 /* SharePreparingWindowController.swift */,
				21F107AA272A902000E40AD9 /* SharePreparingWindowController.xib */,
			);
			path = SharePrepare;
			sourceTree = "<group>";
		};
		21F107AD272A903500E40AD9 /* ShareResume */ = {
			isa = PBXGroup;
			children = (
				21F107AE272A905600E40AD9 /* ShareResumeWindowController.swift */,
				21F107AF272A905600E40AD9 /* ShareResumeWindowController.xib */,
			);
			path = ShareResume;
			sourceTree = "<group>";
		};
		21F107D9272AA0B100E40AD9 /* Products */ = {
			isa = PBXGroup;
			children = (
				21F107DE272AA0B100E40AD9 /* UIToolkit.framework */,
				21F107E0272AA0B100E40AD9 /* UIToolkitTests.xctest */,
			);
			name = Products;
			sourceTree = "<group>";
		};
/* End PBXGroup section */

/* Begin PBXNativeTarget section */
		215F8AD525B098EA000F4D45 /* Mac-ToolKit */ = {
			isa = PBXNativeTarget;
			buildConfigurationList = 215F8AE625B098EC000F4D45 /* Build configuration list for PBXNativeTarget "Mac-ToolKit" */;
			buildPhases = (
				215F8AD225B098EA000F4D45 /* Sources */,
				215F8AD325B098EA000F4D45 /* Frameworks */,
				215F8AD425B098EA000F4D45 /* Resources */,
				219634CD2656106B00BFA3F4 /* CopyFiles */,
				21F106D1272A510400E40AD9 /* Embed Frameworks */,
			);
			buildRules = (
			);
			dependencies = (
			);
			name = "Mac-ToolKit";
			productName = "Mac-Toolkit";
			productReference = 215F8AD625B098EA000F4D45 /* Mac-ToolKit.app */;
			productType = "com.apple.product-type.application";
		};
/* End PBXNativeTarget section */

/* Begin PBXProject section */
		215F8ACE25B098EA000F4D45 /* Project object */ = {
			isa = PBXProject;
			attributes = {
				LastSwiftUpdateCheck = 1170;
				LastUpgradeCheck = 1250;
				ORGANIZATIONNAME = Cisco;
				TargetAttributes = {
					215F8AD525B098EA000F4D45 = {
						CreatedOnToolsVersion = 11.7;
					};
				};
			};
			buildConfigurationList = 215F8AD125B098EA000F4D45 /* Build configuration list for PBXProject "Mac-ToolKit" */;
			compatibilityVersion = "Xcode 9.3";
			developmentRegion = en;
			hasScannedForEncodings = 0;
			knownRegions = (
				en,
				Base,
			);
			mainGroup = 215F8ACD25B098EA000F4D45;
			productRefGroup = 215F8AD725B098EA000F4D45 /* Products */;
			projectDirPath = "";
			projectReferences = (
				{
					ProductGroup = 21F106F9272A52AF00E40AD9 /* Products */;
					ProjectRef = 21F106F8272A52AF00E40AD9 /* CommonHead.xcodeproj */;
				},
				{
					ProductGroup = 21F107D9272AA0B100E40AD9 /* Products */;
					ProjectRef = 21F107D8272AA0B100E40AD9 /* UIToolkit.xcodeproj */;
				},
			);
			projectRoot = "";
			targets = (
				215F8AD525B098EA000F4D45 /* Mac-ToolKit */,
			);
		};
/* End PBXProject section */

/* Begin PBXReferenceProxy section */
		21F106FD272A52AF00E40AD9 /* CommonHead.framework */ = {
			isa = PBXReferenceProxy;
			fileType = wrapper.framework;
			path = CommonHead.framework;
			remoteRef = 21F106FC272A52AF00E40AD9 /* PBXContainerItemProxy */;
			sourceTree = BUILT_PRODUCTS_DIR;
		};
		21F107DE272AA0B100E40AD9 /* UIToolkit.framework */ = {
			isa = PBXReferenceProxy;
			fileType = wrapper.framework;
			path = UIToolkit.framework;
			remoteRef = 21F107DD272AA0B100E40AD9 /* PBXContainerItemProxy */;
			sourceTree = BUILT_PRODUCTS_DIR;
		};
		21F107E0272AA0B100E40AD9 /* UIToolkitTests.xctest */ = {
			isa = PBXReferenceProxy;
			fileType = wrapper.cfbundle;
			path = UIToolkitTests.xctest;
			remoteRef = 21F107DF272AA0B100E40AD9 /* PBXContainerItemProxy */;
			sourceTree = BUILT_PRODUCTS_DIR;
		};
/* End PBXReferenceProxy section */

/* Begin PBXResourcesBuildPhase section */
		215F8AD425B098EA000F4D45 /* Resources */ = {
			isa = PBXResourcesBuildPhase;
			buildActionMask = 2147483647;
			files = (
				2184EBDD272BBEA000A38EC0 /* emeraldDark.json in Resources */,
				2184EBF4272BBEBF00A38EC0 /* momentumRoseDark.json in Resources */,
				2184EBDC272BBEA000A38EC0 /* bronzeDark.json in Resources */,
				2184EBFF272BBEBF00A38EC0 /* momentumDark.json in Resources */,
				2184EBF9272BBEBF00A38EC0 /* momentumDefault.json in Resources */,
				2184EBE3272BBEA000A38EC0 /* jadeLight.json in Resources */,
				2184EBF7272BBEBF00A38EC0 /* momentumLavenderDark.json in Resources */,
				21ABE99E26973B040063C07A /* TestListViewController.xib in Resources */,
				2184EBE5272BBEA000A38EC0 /* systemHighContrast.json in Resources */,
				2184EBDE272BBEA000A38EC0 /* default.json in Resources */,
				2184EBE1272BBEA000A38EC0 /* bronzeLight.json in Resources */,
				21F10783272A841300E40AD9 /* share-ios-tap-on-phone-dark.png in Resources */,
				2184EBF6272BBEBF00A38EC0 /* momentumJadeLight.json in Resources */,
				2184EBDB272BBEA000A38EC0 /* gradient.json in Resources */,
				21F106BC272A4B2700E40AD9 /* LocalShareControlBarWindowController.xib in Resources */,
				211527A92732508C005C83C5 /* LocalShareControlButtonsVerticalViewController.xib in Resources */,
				2184EBE4272BBEA000A38EC0 /* dark.json in Resources */,
				21F10784272A841300E40AD9 /* share-ios-computer-phone-light.png in Resources */,
				21F10786272A841300E40AD9 /* share-ios-computer-phone-dark.png in Resources */,
				21F10790272A842B00E40AD9 /* ShareIosScreenPromptWindowController.xib in Resources */,
				211DF006271EA42100CD4BBA /* FullScreenDetector.xib in Resources */,
				21ABE9952696F8330063C07A /* MyWindowController.xib in Resources */,
				215F8ADE25B098EC000F4D45 /* Assets.xcassets in Resources */,
				2184EBFE272BBEBF00A38EC0 /* momentumBronzeDark.json in Resources */,
				2184EBFC272BBEBF00A38EC0 /* momentumRoseLight.json in Resources */,
				21F107AC272A902000E40AD9 /* SharePreparingWindowController.xib in Resources */,
				21027CA82731015C0021831B /* LocalShareControlVerticalBarViewController.xib in Resources */,
				215F8AE125B098EC000F4D45 /* Main.storyboard in Resources */,
				211527B127325F83005C83C5 /* momentum-ui-icons-rebrand.ttf in Resources */,
				2184EBDF272BBEA000A38EC0 /* lavenderDark.json in Resources */,
				219634D2265611CB00BFA3F4 /* momentum-ui-icons.ttf in Resources */,
				21F106BD272A4B2700E40AD9 /* LocalShareControlHorizontalBarViewController.xib in Resources */,
				21AD514D269B3FC8006DF32F /* CommonTestWindowController.xib in Resources */,
				2184EBF5272BBEBF00A38EC0 /* momentumIndigoDark.json in Resources */,
				2184EBFD272BBEBF00A38EC0 /* momentumBronzeLight.json in Resources */,
				21F10791272A842B00E40AD9 /* ShareIosScreenWindowController.xib in Resources */,
				2184EBE2272BBEA000A38EC0 /* lavenderLight.json in Resources */,
				2184EBE0272BBEA000A38EC0 /* emeraldLight.json in Resources */,
				211C789A2681AB03003D9EB4 /* LogsWindowController.xib in Resources */,
				21F107B1272A905600E40AD9 /* ShareResumeWindowController.xib in Resources */,
				21F10785272A841300E40AD9 /* share-ios-tap-on-phone-light.png in Resources */,
				2184EBFA272BBEBF00A38EC0 /* momentumJadeDark.json in Resources */,
				211527A727324E84005C83C5 /* LocalShareControlButtonsHorizontalViewController.xib in Resources */,
				2184EBF8272BBEBF00A38EC0 /* momentumLavenderLight.json in Resources */,
				2184EC00272BBEBF00A38EC0 /* momentumIndigoLight.json in Resources */,
				2176CDF2268AC3CD00FAA4E0 /* CollectionViewWindowController.xib in Resources */,
				2184EBFB272BBEBF00A38EC0 /* momentumSystemHighContrast.json in Resources */,
				2184EBDA272BBEA000A38EC0 /* jadeDark.json in Resources */,
				21094123266083B20040AC73 /* MagicDrawingBoardWindowController.xib in Resources */,
				2184EBCC272BBE5C00A38EC0 /* colors.json in Resources */,
			);
			runOnlyForDeploymentPostprocessing = 0;
		};
/* End PBXResourcesBuildPhase section */

/* Begin PBXSourcesBuildPhase section */
		215F8AD225B098EA000F4D45 /* Sources */ = {
			isa = PBXSourcesBuildPhase;
			buildActionMask = 2147483647;
			files = (
				21F10794272A848E00E40AD9 /* BaseViewController.swift in Sources */,
				2184EC21272BEB7600A38EC0 /* Geometry.swift in Sources */,
				21F107A2272A8D7F00E40AD9 /* NSRect+Extensions.swift in Sources */,
				21AD514C269B3FC8006DF32F /* CommonTestWindowController.swift in Sources */,
				210C5E7F26CC9EE900F69BFF /* Bundle+Extensions.swift in Sources */,
				21F1079E272A8BAC00E40AD9 /* ThemeManager.swift in Sources */,
				21CCC08E273A569F00FD4D04 /* PopoverView.swift in Sources */,
				21094124266083B20040AC73 /* MagicDrawingBoardManager.swift in Sources */,
				215F8ADA25B098EA000F4D45 /* AppDelegate.swift in Sources */,
				21AD514F269B3FFE006DF32F /* TestCoreAnimation.swift in Sources */,
				211DF005271EA42100CD4BBA /* FullScreenDetector.swift in Sources */,
				21CCC08C273A565D00FD4D04 /* ClickableTextField.swift in Sources */,
				21B479D826A0F1DB003A91FB /* BonjourClient.swift in Sources */,
				210C5E8E26CCAF9E00F69BFF /* RootLogger.cpp in Sources */,
				21F106BE272A4B2700E40AD9 /* LocalShareControlBarViewController.swift in Sources */,
				21F107BA272A934900E40AD9 /* CSIRotatingImageView.swift in Sources */,
				21094125266083B20040AC73 /* MagicDrawingBoardWindowController.swift in Sources */,
				21FBB2D826D766D400717FDC /* NSImage+Extensions.swift in Sources */,
				21A38412264E179E00F12D78 /* DDHotKeyTextField.m in Sources */,
				215F52DF2705659800F4ADD0 /* ScreenChangeHelper.swift in Sources */,
				2184EBC1272BA05000A38EC0 /* ColorsJson.swift in Sources */,
				21F106DE272A522A00E40AD9 /* ShareManager.swift in Sources */,
				21A38414264E179E00F12D78 /* GlobalShortcutHander.m in Sources */,
				21FBB2DC26D76BF500717FDC /* Process+Extensions.swift in Sources */,
				215F52E12705699A00F4ADD0 /* Subject.swift in Sources */,
				21F10792272A842B00E40AD9 /* ShareIosScreenWindowController.swift in Sources */,
				21AD5149269B3E32006DF32F /* AppContext.swift in Sources */,
				21ABE99D26973B040063C07A /* TestListViewController.swift in Sources */,
				21A38411264E179E00F12D78 /* DDHotKeyUtilities.m in Sources */,
				215F52EC270588FA00F4ADD0 /* NSScreenAdapter.swift in Sources */,
				211C78992681AB03003D9EB4 /* LogsWindowController.swift in Sources */,
				21AD5146269A2D60006DF32F /* MainWindowController.swift in Sources */,
				21FBB2E426D76E0900717FDC /* ShareSourceVM.swift in Sources */,
				21D54B4F272697B3009CDBC1 /* WillBeSet.swift in Sources */,
				21F107CC272A9C5B00E40AD9 /* CoreFramework.swift in Sources */,
				21F107B5272A922C00E40AD9 /* LoadingImageView.swift in Sources */,
				21AD5151269B4215006DF32F /* LayerDelegate.swift in Sources */,
				219634CC26560CEA00BFA3F4 /* SparkButton.swift in Sources */,
				211C78922681840C003D9EB4 /* TestDrawingBoard.swift in Sources */,
				21F106DF272A522A00E40AD9 /* ShareContext.swift in Sources */,
				21F10797272A854300E40AD9 /* LocalizationStrings.swift in Sources */,
				21F107A0272A8C8E00E40AD9 /* NSColor+Extensions.swift in Sources */,
				21F1078E272A842B00E40AD9 /* ShareIosScreenPromptWindowController.swift in Sources */,
				21A38413264E179E00F12D78 /* DDHotKeyCenter.m in Sources */,
				21ABE9942696F8330063C07A /* MyWindowController.swift in Sources */,
				213E13A32637AAEA00DFECFF /* MouseTrackView.swift in Sources */,
				210C5E8126CC9F8800F69BFF /* URL+Extensions.swift in Sources */,
				2176CDF1268AC3CD00FAA4E0 /* CollectionViewWindowController.swift in Sources */,
				21F107C5272A988D00E40AD9 /* SemanticInputTextField.swift in Sources */,
				21F1078F272A842B00E40AD9 /* ShareIosScreenManager.swift in Sources */,
				211C789026817D71003D9EB4 /* NSScreen+Extensions.m in Sources */,
				21F107CE272A9E5400E40AD9 /* CALayer+Extensions.swift in Sources */,
				21F107AB272A902000E40AD9 /* SharePreparingWindowController.swift in Sources */,
				21F1075B272A7A0900E40AD9 /* BaseWindowController.swift in Sources */,
				211C788A2680742E003D9EB4 /* FontelloButton.swift in Sources */,
				21F106DC272A522A00E40AD9 /* ShareManagerComponent.swift in Sources */,
				21F1079A272A889200E40AD9 /* CallControllerManager.swift in Sources */,
				21B479DB26A0F582003A91FB /* TestBonjour.swift in Sources */,
				217BD3692649356500B58ED2 /* RoundSameSideCornerView.swift in Sources */,
				21F107C0272A95CC00E40AD9 /* GlobalShortcutHandlerHelper.swift in Sources */,
				21CCC090273A56E700FD4D04 /* NSPopover+Extensions.swift in Sources */,
				21F107BC272A943000E40AD9 /* SparkTextField.swift in Sources */,
				21D54B4B27269723009CDBC1 /* QuartzWindowServicesAdapter.swift in Sources */,
				21F107A7272A8EF800E40AD9 /* NotificationEventNames.m in Sources */,
				21F10769272A81BD00E40AD9 /* ShareSource.swift in Sources */,
				21F107B3272A919B00E40AD9 /* String+Extensions.swift in Sources */,
				2184EC1F272BCE3E00A38EC0 /* LegacyMomentumIconType.swift in Sources */,
				211527A627324E84005C83C5 /* LocalShareControlButtonsViewController.swift in Sources */,
				21F106BF272A4B2700E40AD9 /* LocalShareControlBarWindowController.swift in Sources */,
				21F107B0272A905600E40AD9 /* ShareResumeWindowController.swift in Sources */,
				21F106E0272A522A00E40AD9 /* ShareFactory.swift in Sources */,
				21FBB2DA26D7682800717FDC /* NSScreen+Extensions.swift in Sources */,
				215F52E72705870600F4ADD0 /* TestScreenChangeHelper.swift in Sources */,
				211C789F2681E1B4003D9EB4 /* FontelloLabelWithText.swift in Sources */,
				21AD5156269C8F37006DF32F /* NSView+Extensions.swift in Sources */,
				21ABE9972696F8C90063C07A /* TestWindow.swift in Sources */,
				21FBAF9426D3D5DB00717FDC /* TestShare.swift in Sources */,
				21F106C0272A4B2700E40AD9 /* LocalShareControlBarManager.swift in Sources */,
				21D54B49272696BA009CDBC1 /* Timer+Extensions.swift in Sources */,
				21F1079C272A8A7100E40AD9 /* NSAppearance+Extensions.swift in Sources */,
				21F107C7272A9A6D00E40AD9 /* ProcessInfo+Extensions.swift in Sources */,
				21F107A4272A8E4100E40AD9 /* CommonHeadFrameworkAdapter.swift in Sources */,
				21F1078D272A842B00E40AD9 /* ShareIosScreenCaptureManager.swift in Sources */,
				21ABE999269730B70063C07A /* MainViewController.swift in Sources */,
				21F1077E272A83E900E40AD9 /* MobileDeviceAdapter.mm in Sources */,
				2184EBBF272BA02F00A38EC0 /* ThemesJson.swift in Sources */,
				21AD515A269C8FCD006DF32F /* ObjCExceptionCatcher.m in Sources */,
				21F107B7272A927600E40AD9 /* SemanticThemeManager.swift in Sources */,
			);
			runOnlyForDeploymentPostprocessing = 0;
		};
/* End PBXSourcesBuildPhase section */

/* Begin PBXVariantGroup section */
		215F8ADF25B098EC000F4D45 /* Main.storyboard */ = {
			isa = PBXVariantGroup;
			children = (
				215F8AE025B098EC000F4D45 /* Base */,
			);
			name = Main.storyboard;
			sourceTree = "<group>";
		};
/* End PBXVariantGroup section */

/* Begin XCBuildConfiguration section */
		215F8AE425B098EC000F4D45 /* Debug */ = {
			isa = XCBuildConfiguration;
			buildSettings = {
				ALWAYS_SEARCH_USER_PATHS = NO;
				CLANG_ANALYZER_NONNULL = YES;
				CLANG_ANALYZER_NUMBER_OBJECT_CONVERSION = YES_AGGRESSIVE;
				CLANG_CXX_LANGUAGE_STANDARD = "gnu++14";
				CLANG_CXX_LIBRARY = "libc++";
				CLANG_ENABLE_MODULES = YES;
				CLANG_ENABLE_OBJC_ARC = YES;
				CLANG_ENABLE_OBJC_WEAK = YES;
				CLANG_WARN_BLOCK_CAPTURE_AUTORELEASING = YES;
				CLANG_WARN_BOOL_CONVERSION = YES;
				CLANG_WARN_COMMA = YES;
				CLANG_WARN_CONSTANT_CONVERSION = YES;
				CLANG_WARN_DEPRECATED_OBJC_IMPLEMENTATIONS = YES;
				CLANG_WARN_DIRECT_OBJC_ISA_USAGE = YES_ERROR;
				CLANG_WARN_DOCUMENTATION_COMMENTS = YES;
				CLANG_WARN_EMPTY_BODY = YES;
				CLANG_WARN_ENUM_CONVERSION = YES;
				CLANG_WARN_INFINITE_RECURSION = YES;
				CLANG_WARN_INT_CONVERSION = YES;
				CLANG_WARN_NON_LITERAL_NULL_CONVERSION = YES;
				CLANG_WARN_OBJC_IMPLICIT_RETAIN_SELF = YES;
				CLANG_WARN_OBJC_LITERAL_CONVERSION = YES;
				CLANG_WARN_OBJC_ROOT_CLASS = YES_ERROR;
				CLANG_WARN_QUOTED_INCLUDE_IN_FRAMEWORK_HEADER = YES;
				CLANG_WARN_RANGE_LOOP_ANALYSIS = YES;
				CLANG_WARN_STRICT_PROTOTYPES = YES;
				CLANG_WARN_SUSPICIOUS_MOVE = YES;
				CLANG_WARN_UNGUARDED_AVAILABILITY = YES_AGGRESSIVE;
				CLANG_WARN_UNREACHABLE_CODE = YES;
				CLANG_WARN__DUPLICATE_METHOD_MATCH = YES;
				COPY_PHASE_STRIP = NO;
				DEBUG_INFORMATION_FORMAT = dwarf;
				ENABLE_BITCODE = NO;
				ENABLE_STRICT_OBJC_MSGSEND = YES;
				ENABLE_TESTABILITY = YES;
				GCC_C_LANGUAGE_STANDARD = gnu11;
				GCC_DYNAMIC_NO_PIC = NO;
				GCC_NO_COMMON_BLOCKS = YES;
				GCC_OPTIMIZATION_LEVEL = 0;
				GCC_PREPROCESSOR_DEFINITIONS = (
					"DEBUG=1",
					"$(inherited)",
				);
				GCC_WARN_64_TO_32_BIT_CONVERSION = YES;
				GCC_WARN_ABOUT_RETURN_TYPE = YES_ERROR;
				GCC_WARN_UNDECLARED_SELECTOR = YES;
				GCC_WARN_UNINITIALIZED_AUTOS = YES_AGGRESSIVE;
				GCC_WARN_UNUSED_FUNCTION = YES;
				GCC_WARN_UNUSED_VARIABLE = YES;
				MACOSX_DEPLOYMENT_TARGET = 10.16;
				MTL_ENABLE_DEBUG_INFO = INCLUDE_SOURCE;
				MTL_FAST_MATH = YES;
				ONLY_ACTIVE_ARCH = YES;
				OTHER_LDFLAGS = (
					"-Xlinker",
					"-interposable",
					"-Xlinker",
					"-undefined",
					"-Xlinker",
					dynamic_lookup,
				);
				PRODUCT_NAME = "Mac-Toolkit";
				SDKROOT = macosx;
				SWIFT_ACTIVE_COMPILATION_CONDITIONS = DEBUG;
				SWIFT_OBJC_BRIDGING_HEADER = "Mac-Toolkit/App/Mac-Toolkit-Bridging-Header.h";
				SWIFT_OPTIMIZATION_LEVEL = "-Onone";
			};
			name = Debug;
		};
		215F8AE525B098EC000F4D45 /* Release */ = {
			isa = XCBuildConfiguration;
			buildSettings = {
				ALWAYS_SEARCH_USER_PATHS = NO;
				CLANG_ANALYZER_NONNULL = YES;
				CLANG_ANALYZER_NUMBER_OBJECT_CONVERSION = YES_AGGRESSIVE;
				CLANG_CXX_LANGUAGE_STANDARD = "gnu++14";
				CLANG_CXX_LIBRARY = "libc++";
				CLANG_ENABLE_MODULES = YES;
				CLANG_ENABLE_OBJC_ARC = YES;
				CLANG_ENABLE_OBJC_WEAK = YES;
				CLANG_WARN_BLOCK_CAPTURE_AUTORELEASING = YES;
				CLANG_WARN_BOOL_CONVERSION = YES;
				CLANG_WARN_COMMA = YES;
				CLANG_WARN_CONSTANT_CONVERSION = YES;
				CLANG_WARN_DEPRECATED_OBJC_IMPLEMENTATIONS = YES;
				CLANG_WARN_DIRECT_OBJC_ISA_USAGE = YES_ERROR;
				CLANG_WARN_DOCUMENTATION_COMMENTS = YES;
				CLANG_WARN_EMPTY_BODY = YES;
				CLANG_WARN_ENUM_CONVERSION = YES;
				CLANG_WARN_INFINITE_RECURSION = YES;
				CLANG_WARN_INT_CONVERSION = YES;
				CLANG_WARN_NON_LITERAL_NULL_CONVERSION = YES;
				CLANG_WARN_OBJC_IMPLICIT_RETAIN_SELF = YES;
				CLANG_WARN_OBJC_LITERAL_CONVERSION = YES;
				CLANG_WARN_OBJC_ROOT_CLASS = YES_ERROR;
				CLANG_WARN_QUOTED_INCLUDE_IN_FRAMEWORK_HEADER = YES;
				CLANG_WARN_RANGE_LOOP_ANALYSIS = YES;
				CLANG_WARN_STRICT_PROTOTYPES = YES;
				CLANG_WARN_SUSPICIOUS_MOVE = YES;
				CLANG_WARN_UNGUARDED_AVAILABILITY = YES_AGGRESSIVE;
				CLANG_WARN_UNREACHABLE_CODE = YES;
				CLANG_WARN__DUPLICATE_METHOD_MATCH = YES;
				COPY_PHASE_STRIP = NO;
				DEBUG_INFORMATION_FORMAT = "dwarf-with-dsym";
				ENABLE_NS_ASSERTIONS = NO;
				ENABLE_STRICT_OBJC_MSGSEND = YES;
				GCC_C_LANGUAGE_STANDARD = gnu11;
				GCC_NO_COMMON_BLOCKS = YES;
				GCC_WARN_64_TO_32_BIT_CONVERSION = YES;
				GCC_WARN_ABOUT_RETURN_TYPE = YES_ERROR;
				GCC_WARN_UNDECLARED_SELECTOR = YES;
				GCC_WARN_UNINITIALIZED_AUTOS = YES_AGGRESSIVE;
				GCC_WARN_UNUSED_FUNCTION = YES;
				GCC_WARN_UNUSED_VARIABLE = YES;
				MACOSX_DEPLOYMENT_TARGET = 10.16;
				MTL_ENABLE_DEBUG_INFO = NO;
				MTL_FAST_MATH = YES;
				PRODUCT_NAME = "Mac-Toolkit";
				SDKROOT = macosx;
				SWIFT_COMPILATION_MODE = wholemodule;
				SWIFT_OBJC_BRIDGING_HEADER = "Mac-Toolkit/App/Mac-Toolkit-Bridging-Header.h";
				SWIFT_OPTIMIZATION_LEVEL = "-O";
			};
			name = Release;
		};
		215F8AE725B098EC000F4D45 /* Debug */ = {
			isa = XCBuildConfiguration;
			buildSettings = {
				ASSETCATALOG_COMPILER_APPICON_NAME = AppIcon;
				CODE_SIGN_ENTITLEMENTS = "Mac-Toolkit/Mac-Toolkit.entitlements";
				CODE_SIGN_IDENTITY = "-";
				CODE_SIGN_STYLE = Automatic;
				COMBINE_HIDPI_IMAGES = YES;
				DEVELOPMENT_TEAM = "";
				ENABLE_BITCODE = NO;
				ENABLE_HARDENED_RUNTIME = NO;
				INFOPLIST_FILE = "Mac-Toolkit/App/Info.plist";
				LD_RUNPATH_SEARCH_PATHS = (
					"$(inherited)",
					"@executable_path/../Frameworks",
				);
				MACOSX_DEPLOYMENT_TARGET = 11.3;
				OTHER_LDFLAGS = (
					"-Xlinker",
					"-interposable",
					"-Xlinker",
					"-undefined",
					"-Xlinker",
					dynamic_lookup,
				);
				PRODUCT_BUNDLE_IDENTIFIER = "com.cisco.Mac-Toolkit";
				PRODUCT_NAME = "$(TARGET_NAME)";
				SWIFT_OBJC_BRIDGING_HEADER = "Mac-ToolKit/App/Mac-Toolkit-Bridging-Header.h";
				SWIFT_VERSION = 5.0;
			};
			name = Debug;
		};
		215F8AE825B098EC000F4D45 /* Release */ = {
			isa = XCBuildConfiguration;
			buildSettings = {
				ASSETCATALOG_COMPILER_APPICON_NAME = AppIcon;
				CODE_SIGN_ENTITLEMENTS = "Mac-Toolkit/Mac-Toolkit.entitlements";
				CODE_SIGN_IDENTITY = "-";
				CODE_SIGN_STYLE = Automatic;
				COMBINE_HIDPI_IMAGES = YES;
				DEVELOPMENT_TEAM = "";
				ENABLE_HARDENED_RUNTIME = NO;
				INFOPLIST_FILE = "Mac-Toolkit/App/Info.plist";
				LD_RUNPATH_SEARCH_PATHS = (
					"$(inherited)",
					"@executable_path/../Frameworks",
				);
				MACOSX_DEPLOYMENT_TARGET = 11.3;
				PRODUCT_BUNDLE_IDENTIFIER = "com.cisco.Mac-Toolkit";
				PRODUCT_NAME = "$(TARGET_NAME)";
				SWIFT_OBJC_BRIDGING_HEADER = "Mac-ToolKit/App/Mac-Toolkit-Bridging-Header.h";
				SWIFT_VERSION = 5.0;
			};
			name = Release;
		};
/* End XCBuildConfiguration section */

/* Begin XCConfigurationList section */
		215F8AD125B098EA000F4D45 /* Build configuration list for PBXProject "Mac-ToolKit" */ = {
			isa = XCConfigurationList;
			buildConfigurations = (
				215F8AE425B098EC000F4D45 /* Debug */,
				215F8AE525B098EC000F4D45 /* Release */,
			);
			defaultConfigurationIsVisible = 0;
			defaultConfigurationName = Release;
		};
		215F8AE625B098EC000F4D45 /* Build configuration list for PBXNativeTarget "Mac-ToolKit" */ = {
			isa = XCConfigurationList;
			buildConfigurations = (
				215F8AE725B098EC000F4D45 /* Debug */,
				215F8AE825B098EC000F4D45 /* Release */,
			);
			defaultConfigurationIsVisible = 0;
			defaultConfigurationName = Release;
		};
/* End XCConfigurationList section */
	};
	rootObject = 215F8ACE25B098EA000F4D45 /* Project object */;
}
